<?xml version="1.0" encoding="UTF-8"?>
<!DOCTYPE plist PUBLIC "-//Apple//DTD PLIST 1.0//EN" "http://www.apple.com/DTDs/PropertyList-1.0.dtd">
<plist version="1.0">
<dict>
	<key>archiveVersion</key>
	<string>1</string>
	<key>classes</key>
	<dict/>
	<key>objectVersion</key>
	<string>46</string>
	<key>objects</key>
	<dict>
		<key>1116E0B28D16BF4F541233B0</key>
		<dict>
			<key>includeInIndex</key>
			<string>1</string>
			<key>isa</key>
			<string>PBXFileReference</string>
			<key>lastKnownFileType</key>
			<string>text.xcconfig</string>
			<key>name</key>
			<string>Pods.debug.xcconfig</string>
			<key>path</key>
			<string>Pods/Target Support Files/Pods/Pods.debug.xcconfig</string>
			<key>sourceTree</key>
			<string>&lt;group&gt;</string>
		</dict>
		<key>2BED629028CABC921FB9735F</key>
		<dict>
			<key>children</key>
			<array>
				<string>6F7670C65B6559B717A945B4</string>
			</array>
			<key>isa</key>
			<string>PBXGroup</string>
			<key>name</key>
			<string>Frameworks</string>
			<key>sourceTree</key>
			<string>&lt;group&gt;</string>
		</dict>
		<key>440C68CC3E939411D14F354D</key>
		<dict>
			<key>children</key>
			<array>
				<string>1116E0B28D16BF4F541233B0</string>
				<string>4E5279B8387C9021C3F1153F</string>
			</array>
			<key>isa</key>
			<string>PBXGroup</string>
			<key>name</key>
			<string>Pods</string>
			<key>sourceTree</key>
			<string>&lt;group&gt;</string>
		</dict>
		<key>46D9C42F5B3D066AF968845E</key>
		<dict>
			<key>buildActionMask</key>
			<string>2147483647</string>
			<key>files</key>
			<array/>
			<key>inputPaths</key>
			<array/>
			<key>isa</key>
			<string>PBXShellScriptBuildPhase</string>
			<key>name</key>
			<string>Embed Pods Frameworks</string>
			<key>outputPaths</key>
			<array/>
			<key>runOnlyForDeploymentPostprocessing</key>
			<string>0</string>
			<key>shellPath</key>
			<string>/bin/sh</string>
			<key>shellScript</key>
			<string>"${SRCROOT}/Pods/Target Support Files/Pods/Pods-frameworks.sh"
</string>
			<key>showEnvVarsInLog</key>
			<string>0</string>
		</dict>
		<key>4E5279B8387C9021C3F1153F</key>
		<dict>
			<key>includeInIndex</key>
			<string>1</string>
			<key>isa</key>
			<string>PBXFileReference</string>
			<key>lastKnownFileType</key>
			<string>text.xcconfig</string>
			<key>name</key>
			<string>Pods.release.xcconfig</string>
			<key>path</key>
			<string>Pods/Target Support Files/Pods/Pods.release.xcconfig</string>
			<key>sourceTree</key>
			<string>&lt;group&gt;</string>
		</dict>
		<key>598D68C0B81305056457E4E4</key>
		<dict>
			<key>buildActionMask</key>
			<string>2147483647</string>
			<key>files</key>
			<array/>
			<key>inputPaths</key>
			<array/>
			<key>isa</key>
			<string>PBXShellScriptBuildPhase</string>
			<key>name</key>
			<string>Copy Pods Resources</string>
			<key>outputPaths</key>
			<array/>
			<key>runOnlyForDeploymentPostprocessing</key>
			<string>0</string>
			<key>shellPath</key>
			<string>/bin/sh</string>
			<key>shellScript</key>
			<string>"${SRCROOT}/Pods/Target Support Files/Pods/Pods-resources.sh"
</string>
			<key>showEnvVarsInLog</key>
			<string>0</string>
		</dict>
		<key>6F7670C65B6559B717A945B4</key>
		<dict>
			<key>explicitFileType</key>
			<string>archive.ar</string>
			<key>includeInIndex</key>
			<string>0</string>
			<key>isa</key>
			<string>PBXFileReference</string>
			<key>path</key>
			<string>libPods.a</string>
			<key>sourceTree</key>
			<string>BUILT_PRODUCTS_DIR</string>
		</dict>
		<key>8AA5FCCF6384E6C2C90A889A</key>
		<dict>
			<key>fileRef</key>
			<string>6F7670C65B6559B717A945B4</string>
			<key>isa</key>
			<string>PBXBuildFile</string>
		</dict>
		<key>E63BB11BDE3CA9ADE9E0AFDA</key>
		<dict>
			<key>buildActionMask</key>
			<string>2147483647</string>
			<key>files</key>
			<array/>
			<key>inputPaths</key>
			<array/>
			<key>isa</key>
			<string>PBXShellScriptBuildPhase</string>
			<key>name</key>
			<string>Check Pods Manifest.lock</string>
			<key>outputPaths</key>
			<array/>
			<key>runOnlyForDeploymentPostprocessing</key>
			<string>0</string>
			<key>shellPath</key>
			<string>/bin/sh</string>
			<key>shellScript</key>
			<string>diff "${PODS_ROOT}/../Podfile.lock" "${PODS_ROOT}/Manifest.lock" &gt; /dev/null
if [[ $? != 0 ]] ; then
    cat &lt;&lt; EOM
error: The sandbox is not in sync with the Podfile.lock. Run 'pod install' or update your CocoaPods installation.
EOM
    exit 1
fi
</string>
			<key>showEnvVarsInLog</key>
			<string>0</string>
		</dict>
		<key>E916537A1CC7761B00861DE0</key>
		<dict>
			<key>fileEncoding</key>
			<string>4</string>
			<key>isa</key>
			<string>PBXFileReference</string>
			<key>lastKnownFileType</key>
			<string>sourcecode.c.h</string>
			<key>path</key>
			<string>SMWheelViewController.h</string>
			<key>sourceTree</key>
			<string>&lt;group&gt;</string>
		</dict>
		<key>E916537B1CC7761B00861DE0</key>
		<dict>
			<key>fileEncoding</key>
			<string>4</string>
			<key>isa</key>
			<string>PBXFileReference</string>
			<key>lastKnownFileType</key>
			<string>sourcecode.c.objc</string>
			<key>path</key>
			<string>SMWheelViewController.m</string>
			<key>sourceTree</key>
			<string>&lt;group&gt;</string>
		</dict>
		<key>E916537C1CC7761B00861DE0</key>
		<dict>
			<key>fileRef</key>
			<string>E916537B1CC7761B00861DE0</string>
			<key>isa</key>
			<string>PBXBuildFile</string>
		</dict>
		<key>E916537D1CC7762D00861DE0</key>
		<dict>
			<key>children</key>
			<array>
				<string>E916537A1CC7761B00861DE0</string>
				<string>E916537B1CC7761B00861DE0</string>
				<string>E91653991CC7B14B00861DE0</string>
				<string>E916539A1CC7B14B00861DE0</string>
				<string>E916539F1CC7B17D00861DE0</string>
				<string>E91653A01CC7B17D00861DE0</string>
				<string>E916539C1CC7B16D00861DE0</string>
				<string>E916539D1CC7B16D00861DE0</string>
			</array>
			<key>isa</key>
			<string>PBXGroup</string>
			<key>name</key>
			<string>Wheel View</string>
			<key>sourceTree</key>
			<string>&lt;group&gt;</string>
		</dict>
		<key>E916537F1CC77AAE00861DE0</key>
		<dict>
			<key>children</key>
			<array>
				<string>E91653801CC77ACC00861DE0</string>
				<string>E91653811CC77ACC00861DE0</string>
				<string>E91653821CC77ACC00861DE0</string>
				<string>E91653831CC77ACC00861DE0</string>
				<string>E91653841CC77ACC00861DE0</string>
				<string>E91653851CC77ACC00861DE0</string>
				<string>E91653861CC77ACC00861DE0</string>
				<string>E91653871CC77ACC00861DE0</string>
				<string>E91653881CC77ACC00861DE0</string>
				<string>E91653891CC77ACC00861DE0</string>
			</array>
			<key>isa</key>
			<string>PBXGroup</string>
			<key>name</key>
			<string>Image Files</string>
			<key>sourceTree</key>
			<string>&lt;group&gt;</string>
		</dict>
		<key>E91653801CC77ACC00861DE0</key>
		<dict>
			<key>isa</key>
			<string>PBXFileReference</string>
			<key>lastKnownFileType</key>
			<string>image.png</string>
			<key>path</key>
			<string>angry@2x.png</string>
			<key>sourceTree</key>
			<string>&lt;group&gt;</string>
		</dict>
		<key>E91653811CC77ACC00861DE0</key>
		<dict>
			<key>isa</key>
			<string>PBXFileReference</string>
			<key>lastKnownFileType</key>
			<string>image.png</string>
			<key>path</key>
			<string>excited@2x.png</string>
			<key>sourceTree</key>
			<string>&lt;group&gt;</string>
		</dict>
		<key>E91653821CC77ACC00861DE0</key>
		<dict>
			<key>isa</key>
			<string>PBXFileReference</string>
			<key>lastKnownFileType</key>
			<string>image.png</string>
			<key>path</key>
			<string>fun@2x.png</string>
			<key>sourceTree</key>
			<string>&lt;group&gt;</string>
		</dict>
		<key>E91653831CC77ACC00861DE0</key>
		<dict>
			<key>isa</key>
			<string>PBXFileReference</string>
			<key>lastKnownFileType</key>
			<string>image.png</string>
			<key>path</key>
			<string>sad@2x.png</string>
			<key>sourceTree</key>
			<string>&lt;group&gt;</string>
		</dict>
		<key>E91653841CC77ACC00861DE0</key>
		<dict>
			<key>isa</key>
			<string>PBXFileReference</string>
			<key>lastKnownFileType</key>
			<string>image.png</string>
			<key>path</key>
			<string>surprised@2x.png</string>
			<key>sourceTree</key>
			<string>&lt;group&gt;</string>
		</dict>
		<key>E91653851CC77ACC00861DE0</key>
		<dict>
			<key>isa</key>
			<string>PBXFileReference</string>
			<key>lastKnownFileType</key>
			<string>image.png</string>
			<key>path</key>
			<string>joy@2x.png</string>
			<key>sourceTree</key>
			<string>&lt;group&gt;</string>
		</dict>
		<key>E91653861CC77ACC00861DE0</key>
		<dict>
			<key>isa</key>
			<string>PBXFileReference</string>
			<key>lastKnownFileType</key>
			<string>image.png</string>
			<key>path</key>
			<string>scared@2x.png</string>
			<key>sourceTree</key>
			<string>&lt;group&gt;</string>
		</dict>
		<key>E91653871CC77ACC00861DE0</key>
		<dict>
			<key>isa</key>
			<string>PBXFileReference</string>
			<key>lastKnownFileType</key>
			<string>image.png</string>
			<key>path</key>
			<string>tired@2x.png</string>
			<key>sourceTree</key>
			<string>&lt;group&gt;</string>
		</dict>
		<key>E91653881CC77ACC00861DE0</key>
		<dict>
			<key>isa</key>
			<string>PBXFileReference</string>
			<key>lastKnownFileType</key>
			<string>image.png</string>
			<key>path</key>
			<string>wheelGlow@2x.png</string>
			<key>sourceTree</key>
			<string>&lt;group&gt;</string>
		</dict>
		<key>E91653891CC77ACC00861DE0</key>
		<dict>
			<key>isa</key>
			<string>PBXFileReference</string>
			<key>lastKnownFileType</key>
			<string>image.png</string>
			<key>path</key>
			<string>wheel@2x.png</string>
			<key>sourceTree</key>
			<string>&lt;group&gt;</string>
		</dict>
		<key>E916538A1CC77ACC00861DE0</key>
		<dict>
			<key>fileRef</key>
			<string>E91653801CC77ACC00861DE0</string>
			<key>isa</key>
			<string>PBXBuildFile</string>
		</dict>
		<key>E916538B1CC77ACC00861DE0</key>
		<dict>
			<key>fileRef</key>
			<string>E91653811CC77ACC00861DE0</string>
			<key>isa</key>
			<string>PBXBuildFile</string>
		</dict>
		<key>E916538C1CC77ACC00861DE0</key>
		<dict>
			<key>fileRef</key>
			<string>E91653821CC77ACC00861DE0</string>
			<key>isa</key>
			<string>PBXBuildFile</string>
		</dict>
		<key>E916538D1CC77ACC00861DE0</key>
		<dict>
			<key>fileRef</key>
			<string>E91653831CC77ACC00861DE0</string>
			<key>isa</key>
			<string>PBXBuildFile</string>
		</dict>
		<key>E916538E1CC77ACC00861DE0</key>
		<dict>
			<key>fileRef</key>
			<string>E91653841CC77ACC00861DE0</string>
			<key>isa</key>
			<string>PBXBuildFile</string>
		</dict>
		<key>E916538F1CC77ACC00861DE0</key>
		<dict>
			<key>fileRef</key>
			<string>E91653851CC77ACC00861DE0</string>
			<key>isa</key>
			<string>PBXBuildFile</string>
		</dict>
		<key>E91653901CC77ACC00861DE0</key>
		<dict>
			<key>fileRef</key>
			<string>E91653861CC77ACC00861DE0</string>
			<key>isa</key>
			<string>PBXBuildFile</string>
		</dict>
		<key>E91653911CC77ACC00861DE0</key>
		<dict>
			<key>fileRef</key>
			<string>E91653871CC77ACC00861DE0</string>
			<key>isa</key>
			<string>PBXBuildFile</string>
		</dict>
		<key>E91653921CC77ACC00861DE0</key>
		<dict>
			<key>fileRef</key>
			<string>E91653881CC77ACC00861DE0</string>
			<key>isa</key>
			<string>PBXBuildFile</string>
		</dict>
		<key>E91653931CC77ACC00861DE0</key>
		<dict>
			<key>fileRef</key>
			<string>E91653891CC77ACC00861DE0</string>
			<key>isa</key>
			<string>PBXBuildFile</string>
		</dict>
		<key>E91653941CC781EB00861DE0</key>
		<dict>
			<key>isa</key>
			<string>PBXFileReference</string>
			<key>lastKnownFileType</key>
			<string>file</string>
			<key>path</key>
			<string>Odin Rounded.otf</string>
			<key>sourceTree</key>
			<string>&lt;group&gt;</string>
		</dict>
		<key>E91653951CC781F600861DE0</key>
		<dict>
			<key>fileRef</key>
			<string>E91653941CC781EB00861DE0</string>
			<key>isa</key>
			<string>PBXBuildFile</string>
		</dict>
		<key>E91653991CC7B14B00861DE0</key>
		<dict>
			<key>fileEncoding</key>
			<string>4</string>
			<key>isa</key>
			<string>PBXFileReference</string>
			<key>lastKnownFileType</key>
			<string>sourcecode.c.h</string>
			<key>path</key>
			<string>SMWheelGestureRecognizer.h</string>
			<key>sourceTree</key>
			<string>&lt;group&gt;</string>
		</dict>
		<key>E916539A1CC7B14B00861DE0</key>
		<dict>
			<key>fileEncoding</key>
			<string>4</string>
			<key>isa</key>
			<string>PBXFileReference</string>
			<key>lastKnownFileType</key>
			<string>sourcecode.c.objc</string>
			<key>path</key>
			<string>SMWheelGestureRecognizer.m</string>
			<key>sourceTree</key>
			<string>&lt;group&gt;</string>
		</dict>
		<key>E916539B1CC7B14B00861DE0</key>
		<dict>
			<key>fileRef</key>
			<string>E916539A1CC7B14B00861DE0</string>
			<key>isa</key>
			<string>PBXBuildFile</string>
		</dict>
		<key>E916539C1CC7B16D00861DE0</key>
		<dict>
			<key>fileEncoding</key>
			<string>4</string>
			<key>isa</key>
			<string>PBXFileReference</string>
			<key>lastKnownFileType</key>
			<string>sourcecode.c.h</string>
			<key>path</key>
			<string>SMTouchDownGestureRecognizer.h</string>
			<key>sourceTree</key>
			<string>&lt;group&gt;</string>
		</dict>
		<key>E916539D1CC7B16D00861DE0</key>
		<dict>
			<key>fileEncoding</key>
			<string>4</string>
			<key>isa</key>
			<string>PBXFileReference</string>
			<key>lastKnownFileType</key>
			<string>sourcecode.c.objc</string>
			<key>path</key>
			<string>SMTouchDownGestureRecognizer.m</string>
			<key>sourceTree</key>
			<string>&lt;group&gt;</string>
		</dict>
		<key>E916539E1CC7B16D00861DE0</key>
		<dict>
			<key>fileRef</key>
			<string>E916539D1CC7B16D00861DE0</string>
			<key>isa</key>
			<string>PBXBuildFile</string>
		</dict>
		<key>E916539F1CC7B17D00861DE0</key>
		<dict>
			<key>fileEncoding</key>
			<string>4</string>
			<key>isa</key>
			<string>PBXFileReference</string>
			<key>lastKnownFileType</key>
			<string>sourcecode.c.h</string>
			<key>path</key>
			<string>SMTouchUpGestureRecognizer.h</string>
			<key>sourceTree</key>
			<string>&lt;group&gt;</string>
		</dict>
		<key>E91653A01CC7B17D00861DE0</key>
		<dict>
			<key>fileEncoding</key>
			<string>4</string>
			<key>isa</key>
			<string>PBXFileReference</string>
			<key>lastKnownFileType</key>
			<string>sourcecode.c.objc</string>
			<key>path</key>
			<string>SMTouchUpGestureRecognizer.m</string>
			<key>sourceTree</key>
			<string>&lt;group&gt;</string>
		</dict>
		<key>E91653A11CC7B17D00861DE0</key>
		<dict>
			<key>fileRef</key>
			<string>E91653A01CC7B17D00861DE0</string>
			<key>isa</key>
			<string>PBXBuildFile</string>
		</dict>
		<key>E987B6481CC6B69200C107E3</key>
		<dict>
			<key>children</key>
			<array>
				<string>E987B6531CC6B69200C107E3</string>
				<string>E987B66D1CC6B69200C107E3</string>
				<string>E987B6781CC6B69200C107E3</string>
				<string>E987B6521CC6B69200C107E3</string>
				<string>440C68CC3E939411D14F354D</string>
				<string>2BED629028CABC921FB9735F</string>
			</array>
			<key>isa</key>
			<string>PBXGroup</string>
			<key>sourceTree</key>
			<string>&lt;group&gt;</string>
		</dict>
		<key>E987B6491CC6B69200C107E3</key>
		<dict>
			<key>attributes</key>
			<dict>
				<key>CLASSPREFIX</key>
				<string>SM</string>
				<key>LastUpgradeCheck</key>
				<string>0720</string>
				<key>ORGANIZATIONNAME</key>
				<string>Kibeom Kim</string>
				<key>TargetAttributes</key>
				<dict>
					<key>E987B6501CC6B69200C107E3</key>
					<dict>
						<key>CreatedOnToolsVersion</key>
						<string>7.2.1</string>
					</dict>
					<key>E987B6691CC6B69200C107E3</key>
					<dict>
						<key>CreatedOnToolsVersion</key>
						<string>7.2.1</string>
						<key>TestTargetID</key>
						<string>E987B6501CC6B69200C107E3</string>
					</dict>
					<key>E987B6741CC6B69200C107E3</key>
					<dict>
						<key>CreatedOnToolsVersion</key>
						<string>7.2.1</string>
						<key>TestTargetID</key>
						<string>E987B6501CC6B69200C107E3</string>
					</dict>
				</dict>
			</dict>
			<key>buildConfigurationList</key>
			<string>E987B64C1CC6B69200C107E3</string>
			<key>compatibilityVersion</key>
			<string>Xcode 3.2</string>
			<key>developmentRegion</key>
			<string>English</string>
			<key>hasScannedForEncodings</key>
			<string>0</string>
			<key>isa</key>
			<string>PBXProject</string>
			<key>knownRegions</key>
			<array>
				<string>en</string>
				<string>Base</string>
			</array>
			<key>mainGroup</key>
			<string>E987B6481CC6B69200C107E3</string>
			<key>productRefGroup</key>
			<string>E987B6521CC6B69200C107E3</string>
			<key>projectDirPath</key>
			<string></string>
			<key>projectReferences</key>
			<array/>
			<key>projectRoot</key>
			<string></string>
			<key>targets</key>
			<array>
				<string>E987B6501CC6B69200C107E3</string>
				<string>E987B6691CC6B69200C107E3</string>
				<string>E987B6741CC6B69200C107E3</string>
			</array>
		</dict>
		<key>E987B64C1CC6B69200C107E3</key>
		<dict>
			<key>buildConfigurations</key>
			<array>
				<string>E987B67C1CC6B69200C107E3</string>
				<string>E987B67D1CC6B69200C107E3</string>
			</array>
			<key>defaultConfigurationIsVisible</key>
			<string>0</string>
			<key>defaultConfigurationName</key>
			<string>Release</string>
			<key>isa</key>
			<string>XCConfigurationList</string>
		</dict>
		<key>E987B64D1CC6B69200C107E3</key>
		<dict>
			<key>buildActionMask</key>
			<string>2147483647</string>
			<key>files</key>
			<array>
				<string>E91653A11CC7B17D00861DE0</string>
				<string>E987B6591CC6B69200C107E3</string>
				<string>E916539B1CC7B14B00861DE0</string>
				<string>E916537C1CC7761B00861DE0</string>
				<string>E916539E1CC7B16D00861DE0</string>
				<string>E987B6561CC6B69200C107E3</string>
			</array>
			<key>isa</key>
			<string>PBXSourcesBuildPhase</string>
			<key>runOnlyForDeploymentPostprocessing</key>
			<string>0</string>
		</dict>
		<key>E987B64E1CC6B69200C107E3</key>
		<dict>
			<key>buildActionMask</key>
			<string>2147483647</string>
			<key>files</key>
			<array>
				<string>8AA5FCCF6384E6C2C90A889A</string>
			</array>
			<key>isa</key>
			<string>PBXFrameworksBuildPhase</string>
			<key>runOnlyForDeploymentPostprocessing</key>
			<string>0</string>
		</dict>
		<key>E987B64F1CC6B69200C107E3</key>
		<dict>
			<key>buildActionMask</key>
			<string>2147483647</string>
			<key>files</key>
			<array>
				<string>E91653951CC781F600861DE0</string>
				<string>E987B6641CC6B69200C107E3</string>
				<string>E916538F1CC77ACC00861DE0</string>
				<string>E987B6611CC6B69200C107E3</string>
				<string>E916538C1CC77ACC00861DE0</string>
				<string>E916538A1CC77ACC00861DE0</string>
				<string>E916538D1CC77ACC00861DE0</string>
				<string>E916538B1CC77ACC00861DE0</string>
				<string>E91653921CC77ACC00861DE0</string>
				<string>E91653911CC77ACC00861DE0</string>
				<string>E91653931CC77ACC00861DE0</string>
				<string>E916538E1CC77ACC00861DE0</string>
				<string>E91653901CC77ACC00861DE0</string>
				<string>E987B65F1CC6B69200C107E3</string>
			</array>
			<key>isa</key>
			<string>PBXResourcesBuildPhase</string>
			<key>runOnlyForDeploymentPostprocessing</key>
			<string>0</string>
		</dict>
		<key>E987B6501CC6B69200C107E3</key>
		<dict>
			<key>buildConfigurationList</key>
			<string>E987B67E1CC6B69200C107E3</string>
			<key>buildPhases</key>
			<array>
				<string>E63BB11BDE3CA9ADE9E0AFDA</string>
				<string>E987B64D1CC6B69200C107E3</string>
				<string>E987B64E1CC6B69200C107E3</string>
				<string>E987B64F1CC6B69200C107E3</string>
				<string>46D9C42F5B3D066AF968845E</string>
				<string>598D68C0B81305056457E4E4</string>
			</array>
			<key>buildRules</key>
			<array/>
			<key>dependencies</key>
			<array/>
			<key>isa</key>
			<string>PBXNativeTarget</string>
			<key>name</key>
			<string>SentiMap</string>
			<key>productName</key>
			<string>SentiMap</string>
			<key>productReference</key>
			<string>E987B6511CC6B69200C107E3</string>
			<key>productType</key>
			<string>com.apple.product-type.application</string>
		</dict>
		<key>E987B6511CC6B69200C107E3</key>
		<dict>
			<key>explicitFileType</key>
			<string>wrapper.application</string>
			<key>includeInIndex</key>
			<string>0</string>
			<key>isa</key>
			<string>PBXFileReference</string>
			<key>path</key>
			<string>SentiMap.app</string>
			<key>sourceTree</key>
			<string>BUILT_PRODUCTS_DIR</string>
		</dict>
		<key>E987B6521CC6B69200C107E3</key>
		<dict>
			<key>children</key>
			<array>
				<string>E987B6511CC6B69200C107E3</string>
				<string>E987B66A1CC6B69200C107E3</string>
				<string>E987B6751CC6B69200C107E3</string>
			</array>
			<key>isa</key>
			<string>PBXGroup</string>
			<key>name</key>
			<string>Products</string>
			<key>sourceTree</key>
			<string>&lt;group&gt;</string>
		</dict>
		<key>E987B6531CC6B69200C107E3</key>
		<dict>
			<key>children</key>
			<array>
				<string>E987B6571CC6B69200C107E3</string>
				<string>E987B6581CC6B69200C107E3</string>
				<string>E916537D1CC7762D00861DE0</string>
				<string>E987B65D1CC6B69200C107E3</string>
				<string>E987B6621CC6B69200C107E3</string>
				<string>E987B6651CC6B69200C107E3</string>
				<string>E987B6601CC6B69200C107E3</string>
				<string>E987B6541CC6B69200C107E3</string>
			</array>
			<key>isa</key>
			<string>PBXGroup</string>
			<key>path</key>
			<string>SentiMap</string>
			<key>sourceTree</key>
			<string>&lt;group&gt;</string>
		</dict>
		<key>E987B6541CC6B69200C107E3</key>
		<dict>
			<key>children</key>
			<array>
				<string>E916537F1CC77AAE00861DE0</string>
				<string>E91653941CC781EB00861DE0</string>
				<string>E987B6551CC6B69200C107E3</string>
			</array>
			<key>isa</key>
			<string>PBXGroup</string>
			<key>name</key>
			<string>Supporting Files</string>
			<key>sourceTree</key>
			<string>&lt;group&gt;</string>
		</dict>
		<key>E987B6551CC6B69200C107E3</key>
		<dict>
			<key>isa</key>
			<string>PBXFileReference</string>
			<key>lastKnownFileType</key>
			<string>sourcecode.c.objc</string>
			<key>path</key>
			<string>main.m</string>
			<key>sourceTree</key>
			<string>&lt;group&gt;</string>
		</dict>
		<key>E987B6561CC6B69200C107E3</key>
		<dict>
			<key>fileRef</key>
			<string>E987B6551CC6B69200C107E3</string>
			<key>isa</key>
			<string>PBXBuildFile</string>
		</dict>
		<key>E987B6571CC6B69200C107E3</key>
		<dict>
			<key>isa</key>
			<string>PBXFileReference</string>
			<key>lastKnownFileType</key>
			<string>sourcecode.c.h</string>
			<key>path</key>
			<string>AppDelegate.h</string>
			<key>sourceTree</key>
			<string>&lt;group&gt;</string>
		</dict>
		<key>E987B6581CC6B69200C107E3</key>
		<dict>
			<key>isa</key>
			<string>PBXFileReference</string>
			<key>lastKnownFileType</key>
			<string>sourcecode.c.objc</string>
			<key>path</key>
			<string>AppDelegate.m</string>
			<key>sourceTree</key>
			<string>&lt;group&gt;</string>
		</dict>
		<key>E987B6591CC6B69200C107E3</key>
		<dict>
			<key>fileRef</key>
			<string>E987B6581CC6B69200C107E3</string>
			<key>isa</key>
			<string>PBXBuildFile</string>
		</dict>
		<key>E987B65D1CC6B69200C107E3</key>
		<dict>
			<key>children</key>
			<array>
				<string>E987B65E1CC6B69200C107E3</string>
			</array>
			<key>isa</key>
			<string>PBXVariantGroup</string>
			<key>name</key>
			<string>Main.storyboard</string>
			<key>sourceTree</key>
			<string>&lt;group&gt;</string>
		</dict>
		<key>E987B65E1CC6B69200C107E3</key>
		<dict>
			<key>isa</key>
			<string>PBXFileReference</string>
			<key>lastKnownFileType</key>
			<string>file.storyboard</string>
			<key>name</key>
			<string>Base</string>
			<key>path</key>
			<string>Base.lproj/Main.storyboard</string>
			<key>sourceTree</key>
			<string>&lt;group&gt;</string>
		</dict>
		<key>E987B65F1CC6B69200C107E3</key>
		<dict>
			<key>fileRef</key>
			<string>E987B65D1CC6B69200C107E3</string>
			<key>isa</key>
			<string>PBXBuildFile</string>
		</dict>
		<key>E987B6601CC6B69200C107E3</key>
		<dict>
			<key>isa</key>
			<string>PBXFileReference</string>
			<key>lastKnownFileType</key>
			<string>folder.assetcatalog</string>
			<key>path</key>
			<string>Assets.xcassets</string>
			<key>sourceTree</key>
			<string>&lt;group&gt;</string>
		</dict>
		<key>E987B6611CC6B69200C107E3</key>
		<dict>
			<key>fileRef</key>
			<string>E987B6601CC6B69200C107E3</string>
			<key>isa</key>
			<string>PBXBuildFile</string>
		</dict>
		<key>E987B6621CC6B69200C107E3</key>
		<dict>
			<key>children</key>
			<array>
				<string>E987B6631CC6B69200C107E3</string>
			</array>
			<key>isa</key>
			<string>PBXVariantGroup</string>
			<key>name</key>
			<string>LaunchScreen.storyboard</string>
			<key>sourceTree</key>
			<string>&lt;group&gt;</string>
		</dict>
		<key>E987B6631CC6B69200C107E3</key>
		<dict>
			<key>isa</key>
			<string>PBXFileReference</string>
			<key>lastKnownFileType</key>
			<string>file.storyboard</string>
			<key>name</key>
			<string>Base</string>
			<key>path</key>
			<string>Base.lproj/LaunchScreen.storyboard</string>
			<key>sourceTree</key>
			<string>&lt;group&gt;</string>
		</dict>
		<key>E987B6641CC6B69200C107E3</key>
		<dict>
			<key>fileRef</key>
			<string>E987B6621CC6B69200C107E3</string>
			<key>isa</key>
			<string>PBXBuildFile</string>
		</dict>
		<key>E987B6651CC6B69200C107E3</key>
		<dict>
			<key>isa</key>
			<string>PBXFileReference</string>
			<key>lastKnownFileType</key>
			<string>text.plist.xml</string>
			<key>path</key>
			<string>Info.plist</string>
			<key>sourceTree</key>
			<string>&lt;group&gt;</string>
		</dict>
		<key>E987B6661CC6B69200C107E3</key>
		<dict>
			<key>buildActionMask</key>
			<string>2147483647</string>
			<key>files</key>
			<array>
				<string>E987B66F1CC6B69200C107E3</string>
			</array>
			<key>isa</key>
			<string>PBXSourcesBuildPhase</string>
			<key>runOnlyForDeploymentPostprocessing</key>
			<string>0</string>
		</dict>
		<key>E987B6671CC6B69200C107E3</key>
		<dict>
			<key>buildActionMask</key>
			<string>2147483647</string>
			<key>files</key>
			<array/>
			<key>isa</key>
			<string>PBXFrameworksBuildPhase</string>
			<key>runOnlyForDeploymentPostprocessing</key>
			<string>0</string>
		</dict>
		<key>E987B6681CC6B69200C107E3</key>
		<dict>
			<key>buildActionMask</key>
			<string>2147483647</string>
			<key>files</key>
			<array/>
			<key>isa</key>
			<string>PBXResourcesBuildPhase</string>
			<key>runOnlyForDeploymentPostprocessing</key>
			<string>0</string>
		</dict>
		<key>E987B6691CC6B69200C107E3</key>
		<dict>
			<key>buildConfigurationList</key>
			<string>E987B6811CC6B69200C107E3</string>
			<key>buildPhases</key>
			<array>
				<string>E987B6661CC6B69200C107E3</string>
				<string>E987B6671CC6B69200C107E3</string>
				<string>E987B6681CC6B69200C107E3</string>
			</array>
			<key>buildRules</key>
			<array/>
			<key>dependencies</key>
			<array>
				<string>E987B66C1CC6B69200C107E3</string>
			</array>
			<key>isa</key>
			<string>PBXNativeTarget</string>
			<key>name</key>
			<string>SentiMapTests</string>
			<key>productName</key>
			<string>SentiMapTests</string>
			<key>productReference</key>
			<string>E987B66A1CC6B69200C107E3</string>
			<key>productType</key>
			<string>com.apple.product-type.bundle.unit-test</string>
		</dict>
		<key>E987B66A1CC6B69200C107E3</key>
		<dict>
			<key>explicitFileType</key>
			<string>wrapper.cfbundle</string>
			<key>includeInIndex</key>
			<string>0</string>
			<key>isa</key>
			<string>PBXFileReference</string>
			<key>path</key>
			<string>SentiMapTests.xctest</string>
			<key>sourceTree</key>
			<string>BUILT_PRODUCTS_DIR</string>
		</dict>
		<key>E987B66B1CC6B69200C107E3</key>
		<dict>
			<key>containerPortal</key>
			<string>E987B6491CC6B69200C107E3</string>
			<key>isa</key>
			<string>PBXContainerItemProxy</string>
			<key>proxyType</key>
			<string>1</string>
			<key>remoteGlobalIDString</key>
			<string>E987B6501CC6B69200C107E3</string>
			<key>remoteInfo</key>
			<string>SentiMap</string>
		</dict>
		<key>E987B66C1CC6B69200C107E3</key>
		<dict>
			<key>isa</key>
			<string>PBXTargetDependency</string>
			<key>target</key>
			<string>E987B6501CC6B69200C107E3</string>
			<key>targetProxy</key>
			<string>E987B66B1CC6B69200C107E3</string>
		</dict>
		<key>E987B66D1CC6B69200C107E3</key>
		<dict>
			<key>children</key>
			<array>
				<string>E987B66E1CC6B69200C107E3</string>
				<string>E987B6701CC6B69200C107E3</string>
			</array>
			<key>isa</key>
			<string>PBXGroup</string>
			<key>path</key>
			<string>SentiMapTests</string>
			<key>sourceTree</key>
			<string>&lt;group&gt;</string>
		</dict>
		<key>E987B66E1CC6B69200C107E3</key>
		<dict>
			<key>isa</key>
			<string>PBXFileReference</string>
			<key>lastKnownFileType</key>
			<string>sourcecode.c.objc</string>
			<key>path</key>
			<string>SentiMapTests.m</string>
			<key>sourceTree</key>
			<string>&lt;group&gt;</string>
		</dict>
		<key>E987B66F1CC6B69200C107E3</key>
		<dict>
			<key>fileRef</key>
			<string>E987B66E1CC6B69200C107E3</string>
			<key>isa</key>
			<string>PBXBuildFile</string>
		</dict>
		<key>E987B6701CC6B69200C107E3</key>
		<dict>
			<key>isa</key>
			<string>PBXFileReference</string>
			<key>lastKnownFileType</key>
			<string>text.plist.xml</string>
			<key>path</key>
			<string>Info.plist</string>
			<key>sourceTree</key>
			<string>&lt;group&gt;</string>
		</dict>
		<key>E987B6711CC6B69200C107E3</key>
		<dict>
			<key>buildActionMask</key>
			<string>2147483647</string>
			<key>files</key>
			<array>
				<string>E987B67A1CC6B69200C107E3</string>
			</array>
			<key>isa</key>
			<string>PBXSourcesBuildPhase</string>
			<key>runOnlyForDeploymentPostprocessing</key>
			<string>0</string>
		</dict>
		<key>E987B6721CC6B69200C107E3</key>
		<dict>
			<key>buildActionMask</key>
			<string>2147483647</string>
			<key>files</key>
			<array/>
			<key>isa</key>
			<string>PBXFrameworksBuildPhase</string>
			<key>runOnlyForDeploymentPostprocessing</key>
			<string>0</string>
		</dict>
		<key>E987B6731CC6B69200C107E3</key>
		<dict>
			<key>buildActionMask</key>
			<string>2147483647</string>
			<key>files</key>
			<array/>
			<key>isa</key>
			<string>PBXResourcesBuildPhase</string>
			<key>runOnlyForDeploymentPostprocessing</key>
			<string>0</string>
		</dict>
		<key>E987B6741CC6B69200C107E3</key>
		<dict>
			<key>buildConfigurationList</key>
			<string>E987B6841CC6B69200C107E3</string>
			<key>buildPhases</key>
			<array>
				<string>E987B6711CC6B69200C107E3</string>
				<string>E987B6721CC6B69200C107E3</string>
				<string>E987B6731CC6B69200C107E3</string>
			</array>
			<key>buildRules</key>
			<array/>
			<key>dependencies</key>
			<array>
				<string>E987B6771CC6B69200C107E3</string>
			</array>
			<key>isa</key>
			<string>PBXNativeTarget</string>
			<key>name</key>
			<string>SentiMapUITests</string>
			<key>productName</key>
			<string>SentiMapUITests</string>
			<key>productReference</key>
			<string>E987B6751CC6B69200C107E3</string>
			<key>productType</key>
			<string>com.apple.product-type.bundle.ui-testing</string>
		</dict>
		<key>E987B6751CC6B69200C107E3</key>
		<dict>
			<key>explicitFileType</key>
			<string>wrapper.cfbundle</string>
			<key>includeInIndex</key>
			<string>0</string>
			<key>isa</key>
			<string>PBXFileReference</string>
			<key>path</key>
			<string>SentiMapUITests.xctest</string>
			<key>sourceTree</key>
			<string>BUILT_PRODUCTS_DIR</string>
		</dict>
		<key>E987B6761CC6B69200C107E3</key>
		<dict>
			<key>containerPortal</key>
			<string>E987B6491CC6B69200C107E3</string>
			<key>isa</key>
			<string>PBXContainerItemProxy</string>
			<key>proxyType</key>
			<string>1</string>
			<key>remoteGlobalIDString</key>
			<string>E987B6501CC6B69200C107E3</string>
			<key>remoteInfo</key>
			<string>SentiMap</string>
		</dict>
		<key>E987B6771CC6B69200C107E3</key>
		<dict>
			<key>isa</key>
			<string>PBXTargetDependency</string>
			<key>target</key>
			<string>E987B6501CC6B69200C107E3</string>
			<key>targetProxy</key>
			<string>E987B6761CC6B69200C107E3</string>
		</dict>
		<key>E987B6781CC6B69200C107E3</key>
		<dict>
			<key>children</key>
			<array>
				<string>E987B6791CC6B69200C107E3</string>
				<string>E987B67B1CC6B69200C107E3</string>
			</array>
			<key>isa</key>
			<string>PBXGroup</string>
			<key>path</key>
			<string>SentiMapUITests</string>
			<key>sourceTree</key>
			<string>&lt;group&gt;</string>
		</dict>
		<key>E987B6791CC6B69200C107E3</key>
		<dict>
			<key>isa</key>
			<string>PBXFileReference</string>
			<key>lastKnownFileType</key>
			<string>sourcecode.c.objc</string>
			<key>path</key>
			<string>SentiMapUITests.m</string>
			<key>sourceTree</key>
			<string>&lt;group&gt;</string>
		</dict>
		<key>E987B67A1CC6B69200C107E3</key>
		<dict>
			<key>fileRef</key>
			<string>E987B6791CC6B69200C107E3</string>
			<key>isa</key>
			<string>PBXBuildFile</string>
		</dict>
		<key>E987B67B1CC6B69200C107E3</key>
		<dict>
			<key>isa</key>
			<string>PBXFileReference</string>
			<key>lastKnownFileType</key>
			<string>text.plist.xml</string>
			<key>path</key>
			<string>Info.plist</string>
			<key>sourceTree</key>
			<string>&lt;group&gt;</string>
		</dict>
		<key>E987B67C1CC6B69200C107E3</key>
		<dict>
			<key>buildSettings</key>
			<dict>
				<key>ALWAYS_SEARCH_USER_PATHS</key>
				<string>NO</string>
				<key>CLANG_CXX_LANGUAGE_STANDARD</key>
				<string>gnu++0x</string>
				<key>CLANG_CXX_LIBRARY</key>
				<string>libc++</string>
				<key>CLANG_ENABLE_MODULES</key>
				<string>YES</string>
				<key>CLANG_ENABLE_OBJC_ARC</key>
				<string>YES</string>
				<key>CLANG_WARN_BOOL_CONVERSION</key>
				<string>YES</string>
				<key>CLANG_WARN_CONSTANT_CONVERSION</key>
				<string>YES</string>
				<key>CLANG_WARN_DIRECT_OBJC_ISA_USAGE</key>
				<string>YES_ERROR</string>
				<key>CLANG_WARN_EMPTY_BODY</key>
				<string>YES</string>
				<key>CLANG_WARN_ENUM_CONVERSION</key>
				<string>YES</string>
				<key>CLANG_WARN_INT_CONVERSION</key>
				<string>YES</string>
				<key>CLANG_WARN_OBJC_ROOT_CLASS</key>
				<string>YES_ERROR</string>
				<key>CLANG_WARN_UNREACHABLE_CODE</key>
				<string>YES</string>
				<key>CLANG_WARN__DUPLICATE_METHOD_MATCH</key>
				<string>YES</string>
				<key>CODE_SIGN_IDENTITY[sdk=iphoneos*]</key>
				<string>iPhone Developer</string>
				<key>COPY_PHASE_STRIP</key>
				<string>NO</string>
				<key>DEBUG_INFORMATION_FORMAT</key>
				<string>dwarf</string>
				<key>ENABLE_STRICT_OBJC_MSGSEND</key>
				<string>YES</string>
				<key>ENABLE_TESTABILITY</key>
				<string>YES</string>
				<key>GCC_C_LANGUAGE_STANDARD</key>
				<string>gnu99</string>
				<key>GCC_DYNAMIC_NO_PIC</key>
				<string>NO</string>
				<key>GCC_NO_COMMON_BLOCKS</key>
				<string>YES</string>
				<key>GCC_OPTIMIZATION_LEVEL</key>
				<string>0</string>
				<key>GCC_PREPROCESSOR_DEFINITIONS</key>
				<array>
					<string>DEBUG=1</string>
					<string>$(inherited)</string>
				</array>
				<key>GCC_WARN_64_TO_32_BIT_CONVERSION</key>
				<string>YES</string>
				<key>GCC_WARN_ABOUT_RETURN_TYPE</key>
				<string>YES_ERROR</string>
				<key>GCC_WARN_UNDECLARED_SELECTOR</key>
				<string>YES</string>
				<key>GCC_WARN_UNINITIALIZED_AUTOS</key>
				<string>YES_AGGRESSIVE</string>
				<key>GCC_WARN_UNUSED_FUNCTION</key>
				<string>YES</string>
				<key>GCC_WARN_UNUSED_VARIABLE</key>
				<string>YES</string>
				<key>IPHONEOS_DEPLOYMENT_TARGET</key>
				<string>9.3</string>
				<key>MTL_ENABLE_DEBUG_INFO</key>
				<string>YES</string>
				<key>ONLY_ACTIVE_ARCH</key>
				<string>YES</string>
				<key>SDKROOT</key>
				<string>iphoneos</string>
				<key>WARNING_CFLAGS</key>
				<string>-Wno-arc-performSelector-leaks</string>
			</dict>
			<key>isa</key>
			<string>XCBuildConfiguration</string>
			<key>name</key>
			<string>Debug</string>
		</dict>
		<key>E987B67D1CC6B69200C107E3</key>
		<dict>
			<key>buildSettings</key>
			<dict>
				<key>ALWAYS_SEARCH_USER_PATHS</key>
				<string>NO</string>
				<key>CLANG_CXX_LANGUAGE_STANDARD</key>
				<string>gnu++0x</string>
				<key>CLANG_CXX_LIBRARY</key>
				<string>libc++</string>
				<key>CLANG_ENABLE_MODULES</key>
				<string>YES</string>
				<key>CLANG_ENABLE_OBJC_ARC</key>
				<string>YES</string>
				<key>CLANG_WARN_BOOL_CONVERSION</key>
				<string>YES</string>
				<key>CLANG_WARN_CONSTANT_CONVERSION</key>
				<string>YES</string>
				<key>CLANG_WARN_DIRECT_OBJC_ISA_USAGE</key>
				<string>YES_ERROR</string>
				<key>CLANG_WARN_EMPTY_BODY</key>
				<string>YES</string>
				<key>CLANG_WARN_ENUM_CONVERSION</key>
				<string>YES</string>
				<key>CLANG_WARN_INT_CONVERSION</key>
				<string>YES</string>
				<key>CLANG_WARN_OBJC_ROOT_CLASS</key>
				<string>YES_ERROR</string>
				<key>CLANG_WARN_UNREACHABLE_CODE</key>
				<string>YES</string>
				<key>CLANG_WARN__DUPLICATE_METHOD_MATCH</key>
				<string>YES</string>
				<key>CODE_SIGN_IDENTITY[sdk=iphoneos*]</key>
				<string>iPhone Developer</string>
				<key>COPY_PHASE_STRIP</key>
				<string>NO</string>
				<key>DEBUG_INFORMATION_FORMAT</key>
				<string>dwarf-with-dsym</string>
				<key>ENABLE_NS_ASSERTIONS</key>
				<string>NO</string>
				<key>ENABLE_STRICT_OBJC_MSGSEND</key>
				<string>YES</string>
				<key>GCC_C_LANGUAGE_STANDARD</key>
				<string>gnu99</string>
				<key>GCC_NO_COMMON_BLOCKS</key>
				<string>YES</string>
				<key>GCC_WARN_64_TO_32_BIT_CONVERSION</key>
				<string>YES</string>
				<key>GCC_WARN_ABOUT_RETURN_TYPE</key>
				<string>YES_ERROR</string>
				<key>GCC_WARN_UNDECLARED_SELECTOR</key>
				<string>YES</string>
				<key>GCC_WARN_UNINITIALIZED_AUTOS</key>
				<string>YES_AGGRESSIVE</string>
				<key>GCC_WARN_UNUSED_FUNCTION</key>
				<string>YES</string>
				<key>GCC_WARN_UNUSED_VARIABLE</key>
				<string>YES</string>
				<key>IPHONEOS_DEPLOYMENT_TARGET</key>
				<string>9.3</string>
				<key>MTL_ENABLE_DEBUG_INFO</key>
				<string>NO</string>
				<key>SDKROOT</key>
				<string>iphoneos</string>
				<key>VALIDATE_PRODUCT</key>
				<string>YES</string>
				<key>WARNING_CFLAGS</key>
				<string>-Wno-arc-performSelector-leaks</string>
			</dict>
			<key>isa</key>
			<string>XCBuildConfiguration</string>
			<key>name</key>
			<string>Release</string>
		</dict>
		<key>E987B67E1CC6B69200C107E3</key>
		<dict>
			<key>buildConfigurations</key>
			<array>
				<string>E987B67F1CC6B69200C107E3</string>
				<string>E987B6801CC6B69200C107E3</string>
			</array>
			<key>defaultConfigurationIsVisible</key>
			<string>0</string>
			<key>defaultConfigurationName</key>
			<string>Release</string>
			<key>isa</key>
			<string>XCConfigurationList</string>
		</dict>
		<key>E987B67F1CC6B69200C107E3</key>
		<dict>
			<key>baseConfigurationReference</key>
			<string>1116E0B28D16BF4F541233B0</string>
			<key>buildSettings</key>
			<dict>
				<key>ASSETCATALOG_COMPILER_APPICON_NAME</key>
				<string>AppIcon</string>
				<key>INFOPLIST_FILE</key>
				<string>SentiMap/Info.plist</string>
				<key>LD_RUNPATH_SEARCH_PATHS</key>
				<string>$(inherited) @executable_path/Frameworks</string>
				<key>PRODUCT_BUNDLE_IDENTIFIER</key>
				<string>NHN-NEXT.SentiMap</string>
				<key>PRODUCT_NAME</key>
				<string>$(TARGET_NAME)</string>
			</dict>
			<key>isa</key>
			<string>XCBuildConfiguration</string>
			<key>name</key>
			<string>Debug</string>
		</dict>
		<key>E987B6801CC6B69200C107E3</key>
		<dict>
			<key>baseConfigurationReference</key>
			<string>4E5279B8387C9021C3F1153F</string>
			<key>buildSettings</key>
			<dict>
				<key>ASSETCATALOG_COMPILER_APPICON_NAME</key>
				<string>AppIcon</string>
				<key>INFOPLIST_FILE</key>
				<string>SentiMap/Info.plist</string>
				<key>LD_RUNPATH_SEARCH_PATHS</key>
				<string>$(inherited) @executable_path/Frameworks</string>
				<key>PRODUCT_BUNDLE_IDENTIFIER</key>
				<string>NHN-NEXT.SentiMap</string>
				<key>PRODUCT_NAME</key>
				<string>$(TARGET_NAME)</string>
			</dict>
			<key>isa</key>
			<string>XCBuildConfiguration</string>
			<key>name</key>
			<string>Release</string>
		</dict>
		<key>E987B6811CC6B69200C107E3</key>
		<dict>
			<key>buildConfigurations</key>
			<array>
				<string>E987B6821CC6B69200C107E3</string>
				<string>E987B6831CC6B69200C107E3</string>
			</array>
			<key>defaultConfigurationIsVisible</key>
			<string>0</string>
			<key>defaultConfigurationName</key>
			<string>Release</string>
			<key>isa</key>
			<string>XCConfigurationList</string>
		</dict>
		<key>E987B6821CC6B69200C107E3</key>
		<dict>
			<key>buildSettings</key>
			<dict>
				<key>BUNDLE_LOADER</key>
				<string>$(TEST_HOST)</string>
				<key>INFOPLIST_FILE</key>
				<string>SentiMapTests/Info.plist</string>
				<key>LD_RUNPATH_SEARCH_PATHS</key>
				<string>$(inherited) @executable_path/Frameworks @loader_path/Frameworks</string>
				<key>PRODUCT_BUNDLE_IDENTIFIER</key>
				<string>NHN-NEXT.SentiMapTests</string>
				<key>PRODUCT_NAME</key>
				<string>$(TARGET_NAME)</string>
				<key>TEST_HOST</key>
				<string>$(BUILT_PRODUCTS_DIR)/SentiMap.app/SentiMap</string>
			</dict>
			<key>isa</key>
			<string>XCBuildConfiguration</string>
			<key>name</key>
			<string>Debug</string>
		</dict>
		<key>E987B6831CC6B69200C107E3</key>
		<dict>
			<key>buildSettings</key>
			<dict>
				<key>BUNDLE_LOADER</key>
				<string>$(TEST_HOST)</string>
				<key>INFOPLIST_FILE</key>
				<string>SentiMapTests/Info.plist</string>
				<key>LD_RUNPATH_SEARCH_PATHS</key>
				<string>$(inherited) @executable_path/Frameworks @loader_path/Frameworks</string>
				<key>PRODUCT_BUNDLE_IDENTIFIER</key>
				<string>NHN-NEXT.SentiMapTests</string>
				<key>PRODUCT_NAME</key>
				<string>$(TARGET_NAME)</string>
				<key>TEST_HOST</key>
				<string>$(BUILT_PRODUCTS_DIR)/SentiMap.app/SentiMap</string>
			</dict>
			<key>isa</key>
			<string>XCBuildConfiguration</string>
			<key>name</key>
			<string>Release</string>
		</dict>
		<key>E987B6841CC6B69200C107E3</key>
		<dict>
			<key>buildConfigurations</key>
			<array>
				<string>E987B6851CC6B69200C107E3</string>
				<string>E987B6861CC6B69200C107E3</string>
			</array>
			<key>defaultConfigurationIsVisible</key>
			<string>0</string>
			<key>defaultConfigurationName</key>
			<string>Release</string>
			<key>isa</key>
			<string>XCConfigurationList</string>
		</dict>
		<key>E987B6851CC6B69200C107E3</key>
		<dict>
			<key>buildSettings</key>
			<dict>
				<key>INFOPLIST_FILE</key>
				<string>SentiMapUITests/Info.plist</string>
				<key>LD_RUNPATH_SEARCH_PATHS</key>
				<string>$(inherited) @executable_path/Frameworks @loader_path/Frameworks</string>
				<key>PRODUCT_BUNDLE_IDENTIFIER</key>
				<string>NHN-NEXT.SentiMapUITests</string>
				<key>PRODUCT_NAME</key>
				<string>$(TARGET_NAME)</string>
				<key>TEST_TARGET_NAME</key>
				<string>SentiMap</string>
				<key>USES_XCTRUNNER</key>
				<string>YES</string>
			</dict>
			<key>isa</key>
			<string>XCBuildConfiguration</string>
			<key>name</key>
			<string>Debug</string>
		</dict>
		<key>E987B6861CC6B69200C107E3</key>
		<dict>
			<key>buildSettings</key>
			<dict>
				<key>INFOPLIST_FILE</key>
				<string>SentiMapUITests/Info.plist</string>
				<key>LD_RUNPATH_SEARCH_PATHS</key>
				<string>$(inherited) @executable_path/Frameworks @loader_path/Frameworks</string>
				<key>PRODUCT_BUNDLE_IDENTIFIER</key>
				<string>NHN-NEXT.SentiMapUITests</string>
				<key>PRODUCT_NAME</key>
				<string>$(TARGET_NAME)</string>
				<key>TEST_TARGET_NAME</key>
				<string>SentiMap</string>
				<key>USES_XCTRUNNER</key>
				<string>YES</string>
			</dict>
			<key>isa</key>
			<string>XCBuildConfiguration</string>
			<key>name</key>
			<string>Release</string>
		</dict>
	</dict>
	<key>rootObject</key>
	<string>E987B6491CC6B69200C107E3</string>
</dict>
</plist>
