// !$*UTF8*$!
{
	archiveVersion = 1;
	classes = {
	};
	objectVersion = 46;
	objects = {

/* Begin PBXBuildFile section */
		8AA5FCCF6384E6C2C90A889A /* libPods.a in Frameworks */ = {isa = PBXBuildFile; fileRef = 6F7670C65B6559B717A945B4 /* libPods.a */; };
		E916537C1CC7761B00861DE0 /* SMWheelViewController.m in Sources */ = {isa = PBXBuildFile; fileRef = E916537B1CC7761B00861DE0 /* SMWheelViewController.m */; };
		E916538A1CC77ACC00861DE0 /* angry@2x.png in Resources */ = {isa = PBXBuildFile; fileRef = E91653801CC77ACC00861DE0 /* angry@2x.png */; };
		E916538B1CC77ACC00861DE0 /* excited@2x.png in Resources */ = {isa = PBXBuildFile; fileRef = E91653811CC77ACC00861DE0 /* excited@2x.png */; };
		E916538C1CC77ACC00861DE0 /* fun@2x.png in Resources */ = {isa = PBXBuildFile; fileRef = E91653821CC77ACC00861DE0 /* fun@2x.png */; };
		E916538D1CC77ACC00861DE0 /* sad@2x.png in Resources */ = {isa = PBXBuildFile; fileRef = E91653831CC77ACC00861DE0 /* sad@2x.png */; };
		E916538E1CC77ACC00861DE0 /* surprised@2x.png in Resources */ = {isa = PBXBuildFile; fileRef = E91653841CC77ACC00861DE0 /* surprised@2x.png */; };
		E916538F1CC77ACC00861DE0 /* joy@2x.png in Resources */ = {isa = PBXBuildFile; fileRef = E91653851CC77ACC00861DE0 /* joy@2x.png */; };
		E91653901CC77ACC00861DE0 /* scared@2x.png in Resources */ = {isa = PBXBuildFile; fileRef = E91653861CC77ACC00861DE0 /* scared@2x.png */; };
		E91653911CC77ACC00861DE0 /* tired@2x.png in Resources */ = {isa = PBXBuildFile; fileRef = E91653871CC77ACC00861DE0 /* tired@2x.png */; };
		E91653921CC77ACC00861DE0 /* wheelGlow@2x.png in Resources */ = {isa = PBXBuildFile; fileRef = E91653881CC77ACC00861DE0 /* wheelGlow@2x.png */; };
		E91653931CC77ACC00861DE0 /* wheel@2x.png in Resources */ = {isa = PBXBuildFile; fileRef = E91653891CC77ACC00861DE0 /* wheel@2x.png */; };
		E91653951CC781F600861DE0 /* Odin Rounded.otf in Resources */ = {isa = PBXBuildFile; fileRef = E91653941CC781EB00861DE0 /* Odin Rounded.otf */; };
		E916539B1CC7B14B00861DE0 /* SMWheelGestureRecognizer.m in Sources */ = {isa = PBXBuildFile; fileRef = E916539A1CC7B14B00861DE0 /* SMWheelGestureRecognizer.m */; };
		E916539E1CC7B16D00861DE0 /* SMTouchDownGestureRecognizer.m in Sources */ = {isa = PBXBuildFile; fileRef = E916539D1CC7B16D00861DE0 /* SMTouchDownGestureRecognizer.m */; };
		E91653A11CC7B17D00861DE0 /* SMTouchUpGestureRecognizer.m in Sources */ = {isa = PBXBuildFile; fileRef = E91653A01CC7B17D00861DE0 /* SMTouchUpGestureRecognizer.m */; };
		E94BFD5D1CD592BE0046B3D4 /* SMSideMenuViewController.m in Sources */ = {isa = PBXBuildFile; fileRef = E94BFD5C1CD592BE0046B3D4 /* SMSideMenuViewController.m */; };
		E94BFD621CD596010046B3D4 /* hamburger@2x.png in Resources */ = {isa = PBXBuildFile; fileRef = E94BFD5F1CD596010046B3D4 /* hamburger@2x.png */; };
		E94BFD631CD596010046B3D4 /* plus@2x.png in Resources */ = {isa = PBXBuildFile; fileRef = E94BFD601CD596010046B3D4 /* plus@2x.png */; };
		E94BFD641CD596010046B3D4 /* current_location@2x.png in Resources */ = {isa = PBXBuildFile; fileRef = E94BFD611CD596010046B3D4 /* current_location@2x.png */; };
		E94BFD671CD59D2C0046B3D4 /* SMMapContainerViewController.m in Sources */ = {isa = PBXBuildFile; fileRef = E94BFD661CD59D2C0046B3D4 /* SMMapContainerViewController.m */; };
		E94BFD711CD5B31A0046B3D4 /* SMLocationSearchTable.m in Sources */ = {isa = PBXBuildFile; fileRef = E94BFD701CD5B31A0046B3D4 /* SMLocationSearchTable.m */; };
		E94BFD741CD60D100046B3D4 /* SMTimeMachineViewController.m in Sources */ = {isa = PBXBuildFile; fileRef = E94BFD731CD60D100046B3D4 /* SMTimeMachineViewController.m */; };
		E94BFD761CD60F0B0046B3D4 /* selected_time_indicator@2x.png in Resources */ = {isa = PBXBuildFile; fileRef = E94BFD751CD60F0B0046B3D4 /* selected_time_indicator@2x.png */; };
		E94BFD7A1CD625DB0046B3D4 /* x.png in Resources */ = {isa = PBXBuildFile; fileRef = E94BFD791CD625DB0046B3D4 /* x.png */; };
		E94BFD7F1CD693090046B3D4 /* launch_screen@2x.png in Resources */ = {isa = PBXBuildFile; fileRef = E94BFD7E1CD693090046B3D4 /* launch_screen@2x.png */; };
		E94BFD811CD69DF20046B3D4 /* icon@2x.png in Resources */ = {isa = PBXBuildFile; fileRef = E94BFD801CD69DF20046B3D4 /* icon@2x.png */; };
		E94BFD851CD6AB460046B3D4 /* SMFirstMessageViewController.m in Sources */ = {isa = PBXBuildFile; fileRef = E94BFD841CD6AB460046B3D4 /* SMFirstMessageViewController.m */; };
		E987B6561CC6B69200C107E3 /* main.m in Sources */ = {isa = PBXBuildFile; fileRef = E987B6551CC6B69200C107E3 /* main.m */; };
		E987B6591CC6B69200C107E3 /* AppDelegate.m in Sources */ = {isa = PBXBuildFile; fileRef = E987B6581CC6B69200C107E3 /* AppDelegate.m */; };
		E987B65F1CC6B69200C107E3 /* Main.storyboard in Resources */ = {isa = PBXBuildFile; fileRef = E987B65D1CC6B69200C107E3 /* Main.storyboard */; };
		E987B6611CC6B69200C107E3 /* Assets.xcassets in Resources */ = {isa = PBXBuildFile; fileRef = E987B6601CC6B69200C107E3 /* Assets.xcassets */; };
		E987B6641CC6B69200C107E3 /* LaunchScreen.storyboard in Resources */ = {isa = PBXBuildFile; fileRef = E987B6621CC6B69200C107E3 /* LaunchScreen.storyboard */; };
		E987B66F1CC6B69200C107E3 /* SentiMapTests.m in Sources */ = {isa = PBXBuildFile; fileRef = E987B66E1CC6B69200C107E3 /* SentiMapTests.m */; };
		E987B67A1CC6B69200C107E3 /* SentiMapUITests.m in Sources */ = {isa = PBXBuildFile; fileRef = E987B6791CC6B69200C107E3 /* SentiMapUITests.m */; };
		E9BF3F0E1CD27463005A18C5 /* SMMapViewController.m in Sources */ = {isa = PBXBuildFile; fileRef = E9BF3F0D1CD27463005A18C5 /* SMMapViewController.m */; };
		E9BF3F131CD27D56005A18C5 /* MapKit.framework in Frameworks */ = {isa = PBXBuildFile; fileRef = E9BF3F121CD27D56005A18C5 /* MapKit.framework */; };
		E9BF3F1D1CD2965B005A18C5 /* marker_angry@2x.png in Resources */ = {isa = PBXBuildFile; fileRef = E9BF3F151CD2965B005A18C5 /* marker_angry@2x.png */; };
		E9BF3F1E1CD2965B005A18C5 /* marker_excited@2x.png in Resources */ = {isa = PBXBuildFile; fileRef = E9BF3F161CD2965B005A18C5 /* marker_excited@2x.png */; };
		E9BF3F1F1CD2965B005A18C5 /* marker_fun@2x.png in Resources */ = {isa = PBXBuildFile; fileRef = E9BF3F171CD2965B005A18C5 /* marker_fun@2x.png */; };
		E9BF3F201CD2965B005A18C5 /* marker_joy@2x.png in Resources */ = {isa = PBXBuildFile; fileRef = E9BF3F181CD2965B005A18C5 /* marker_joy@2x.png */; };
		E9BF3F211CD2965B005A18C5 /* marker_sad@2x.png in Resources */ = {isa = PBXBuildFile; fileRef = E9BF3F191CD2965B005A18C5 /* marker_sad@2x.png */; };
		E9BF3F221CD2965B005A18C5 /* marker_scared@2x.png in Resources */ = {isa = PBXBuildFile; fileRef = E9BF3F1A1CD2965B005A18C5 /* marker_scared@2x.png */; };
		E9BF3F231CD2965B005A18C5 /* marker_surprised@2x.png in Resources */ = {isa = PBXBuildFile; fileRef = E9BF3F1B1CD2965B005A18C5 /* marker_surprised@2x.png */; };
		E9BF3F241CD2965B005A18C5 /* marker_tired@2x.png in Resources */ = {isa = PBXBuildFile; fileRef = E9BF3F1C1CD2965B005A18C5 /* marker_tired@2x.png */; };
		E9BF3F2B1CD2E3D9005A18C5 /* SMAnnotation.m in Sources */ = {isa = PBXBuildFile; fileRef = E9BF3F2A1CD2E3D9005A18C5 /* SMAnnotation.m */; };
/* End PBXBuildFile section */

/* Begin PBXContainerItemProxy section */
		E987B66B1CC6B69200C107E3 /* PBXContainerItemProxy */ = {
			isa = PBXContainerItemProxy;
			containerPortal = E987B6491CC6B69200C107E3 /* Project object */;
			proxyType = 1;
			remoteGlobalIDString = E987B6501CC6B69200C107E3;
			remoteInfo = SentiMap;
		};
		E987B6761CC6B69200C107E3 /* PBXContainerItemProxy */ = {
			isa = PBXContainerItemProxy;
			containerPortal = E987B6491CC6B69200C107E3 /* Project object */;
			proxyType = 1;
			remoteGlobalIDString = E987B6501CC6B69200C107E3;
			remoteInfo = SentiMap;
		};
/* End PBXContainerItemProxy section */

/* Begin PBXFileReference section */
		1116E0B28D16BF4F541233B0 /* Pods.debug.xcconfig */ = {isa = PBXFileReference; includeInIndex = 1; lastKnownFileType = text.xcconfig; name = Pods.debug.xcconfig; path = "Pods/Target Support Files/Pods/Pods.debug.xcconfig"; sourceTree = "<group>"; };
		4E5279B8387C9021C3F1153F /* Pods.release.xcconfig */ = {isa = PBXFileReference; includeInIndex = 1; lastKnownFileType = text.xcconfig; name = Pods.release.xcconfig; path = "Pods/Target Support Files/Pods/Pods.release.xcconfig"; sourceTree = "<group>"; };
		6F7670C65B6559B717A945B4 /* libPods.a */ = {isa = PBXFileReference; explicitFileType = archive.ar; includeInIndex = 0; path = libPods.a; sourceTree = BUILT_PRODUCTS_DIR; };
		E916537A1CC7761B00861DE0 /* SMWheelViewController.h */ = {isa = PBXFileReference; fileEncoding = 4; lastKnownFileType = sourcecode.c.h; path = SMWheelViewController.h; sourceTree = "<group>"; };
		E916537B1CC7761B00861DE0 /* SMWheelViewController.m */ = {isa = PBXFileReference; fileEncoding = 4; lastKnownFileType = sourcecode.c.objc; path = SMWheelViewController.m; sourceTree = "<group>"; };
		E91653801CC77ACC00861DE0 /* angry@2x.png */ = {isa = PBXFileReference; lastKnownFileType = image.png; path = "angry@2x.png"; sourceTree = "<group>"; };
		E91653811CC77ACC00861DE0 /* excited@2x.png */ = {isa = PBXFileReference; lastKnownFileType = image.png; path = "excited@2x.png"; sourceTree = "<group>"; };
		E91653821CC77ACC00861DE0 /* fun@2x.png */ = {isa = PBXFileReference; lastKnownFileType = image.png; path = "fun@2x.png"; sourceTree = "<group>"; };
		E91653831CC77ACC00861DE0 /* sad@2x.png */ = {isa = PBXFileReference; lastKnownFileType = image.png; path = "sad@2x.png"; sourceTree = "<group>"; };
		E91653841CC77ACC00861DE0 /* surprised@2x.png */ = {isa = PBXFileReference; lastKnownFileType = image.png; path = "surprised@2x.png"; sourceTree = "<group>"; };
		E91653851CC77ACC00861DE0 /* joy@2x.png */ = {isa = PBXFileReference; lastKnownFileType = image.png; path = "joy@2x.png"; sourceTree = "<group>"; };
		E91653861CC77ACC00861DE0 /* scared@2x.png */ = {isa = PBXFileReference; lastKnownFileType = image.png; path = "scared@2x.png"; sourceTree = "<group>"; };
		E91653871CC77ACC00861DE0 /* tired@2x.png */ = {isa = PBXFileReference; lastKnownFileType = image.png; path = "tired@2x.png"; sourceTree = "<group>"; };
		E91653881CC77ACC00861DE0 /* wheelGlow@2x.png */ = {isa = PBXFileReference; lastKnownFileType = image.png; path = "wheelGlow@2x.png"; sourceTree = "<group>"; };
		E91653891CC77ACC00861DE0 /* wheel@2x.png */ = {isa = PBXFileReference; lastKnownFileType = image.png; path = "wheel@2x.png"; sourceTree = "<group>"; };
		E91653941CC781EB00861DE0 /* Odin Rounded.otf */ = {isa = PBXFileReference; lastKnownFileType = file; path = "Odin Rounded.otf"; sourceTree = "<group>"; };
		E91653991CC7B14B00861DE0 /* SMWheelGestureRecognizer.h */ = {isa = PBXFileReference; fileEncoding = 4; lastKnownFileType = sourcecode.c.h; path = SMWheelGestureRecognizer.h; sourceTree = "<group>"; };
		E916539A1CC7B14B00861DE0 /* SMWheelGestureRecognizer.m */ = {isa = PBXFileReference; fileEncoding = 4; lastKnownFileType = sourcecode.c.objc; path = SMWheelGestureRecognizer.m; sourceTree = "<group>"; };
		E916539C1CC7B16D00861DE0 /* SMTouchDownGestureRecognizer.h */ = {isa = PBXFileReference; fileEncoding = 4; lastKnownFileType = sourcecode.c.h; path = SMTouchDownGestureRecognizer.h; sourceTree = "<group>"; };
		E916539D1CC7B16D00861DE0 /* SMTouchDownGestureRecognizer.m */ = {isa = PBXFileReference; fileEncoding = 4; lastKnownFileType = sourcecode.c.objc; path = SMTouchDownGestureRecognizer.m; sourceTree = "<group>"; };
		E916539F1CC7B17D00861DE0 /* SMTouchUpGestureRecognizer.h */ = {isa = PBXFileReference; fileEncoding = 4; lastKnownFileType = sourcecode.c.h; path = SMTouchUpGestureRecognizer.h; sourceTree = "<group>"; };
		E91653A01CC7B17D00861DE0 /* SMTouchUpGestureRecognizer.m */ = {isa = PBXFileReference; fileEncoding = 4; lastKnownFileType = sourcecode.c.objc; path = SMTouchUpGestureRecognizer.m; sourceTree = "<group>"; };
		E94BFD5B1CD592BE0046B3D4 /* SMSideMenuViewController.h */ = {isa = PBXFileReference; fileEncoding = 4; lastKnownFileType = sourcecode.c.h; path = SMSideMenuViewController.h; sourceTree = "<group>"; };
		E94BFD5C1CD592BE0046B3D4 /* SMSideMenuViewController.m */ = {isa = PBXFileReference; fileEncoding = 4; lastKnownFileType = sourcecode.c.objc; path = SMSideMenuViewController.m; sourceTree = "<group>"; };
		E94BFD5F1CD596010046B3D4 /* hamburger@2x.png */ = {isa = PBXFileReference; lastKnownFileType = image.png; path = "hamburger@2x.png"; sourceTree = "<group>"; };
		E94BFD601CD596010046B3D4 /* plus@2x.png */ = {isa = PBXFileReference; lastKnownFileType = image.png; path = "plus@2x.png"; sourceTree = "<group>"; };
		E94BFD611CD596010046B3D4 /* current_location@2x.png */ = {isa = PBXFileReference; lastKnownFileType = image.png; path = "current_location@2x.png"; sourceTree = "<group>"; };
		E94BFD651CD59D2C0046B3D4 /* SMMapContainerViewController.h */ = {isa = PBXFileReference; fileEncoding = 4; lastKnownFileType = sourcecode.c.h; path = SMMapContainerViewController.h; sourceTree = "<group>"; };
		E94BFD661CD59D2C0046B3D4 /* SMMapContainerViewController.m */ = {isa = PBXFileReference; fileEncoding = 4; lastKnownFileType = sourcecode.c.objc; path = SMMapContainerViewController.m; sourceTree = "<group>"; };
		E94BFD6F1CD5B31A0046B3D4 /* SMLocationSearchTable.h */ = {isa = PBXFileReference; fileEncoding = 4; lastKnownFileType = sourcecode.c.h; path = SMLocationSearchTable.h; sourceTree = "<group>"; };
		E94BFD701CD5B31A0046B3D4 /* SMLocationSearchTable.m */ = {isa = PBXFileReference; fileEncoding = 4; lastKnownFileType = sourcecode.c.objc; path = SMLocationSearchTable.m; sourceTree = "<group>"; };
		E94BFD721CD60D100046B3D4 /* SMTimeMachineViewController.h */ = {isa = PBXFileReference; fileEncoding = 4; lastKnownFileType = sourcecode.c.h; path = SMTimeMachineViewController.h; sourceTree = "<group>"; };
		E94BFD731CD60D100046B3D4 /* SMTimeMachineViewController.m */ = {isa = PBXFileReference; fileEncoding = 4; lastKnownFileType = sourcecode.c.objc; path = SMTimeMachineViewController.m; sourceTree = "<group>"; };
		E94BFD751CD60F0B0046B3D4 /* selected_time_indicator@2x.png */ = {isa = PBXFileReference; lastKnownFileType = image.png; path = "selected_time_indicator@2x.png"; sourceTree = "<group>"; };
		E94BFD791CD625DB0046B3D4 /* x.png */ = {isa = PBXFileReference; lastKnownFileType = image.png; path = x.png; sourceTree = "<group>"; };
		E94BFD7E1CD693090046B3D4 /* launch_screen@2x.png */ = {isa = PBXFileReference; lastKnownFileType = image.png; path = "launch_screen@2x.png"; sourceTree = "<group>"; };
		E94BFD801CD69DF20046B3D4 /* icon@2x.png */ = {isa = PBXFileReference; lastKnownFileType = image.png; path = "icon@2x.png"; sourceTree = "<group>"; };
		E94BFD831CD6AB460046B3D4 /* SMFirstMessageViewController.h */ = {isa = PBXFileReference; fileEncoding = 4; lastKnownFileType = sourcecode.c.h; path = SMFirstMessageViewController.h; sourceTree = "<group>"; };
		E94BFD841CD6AB460046B3D4 /* SMFirstMessageViewController.m */ = {isa = PBXFileReference; fileEncoding = 4; lastKnownFileType = sourcecode.c.objc; path = SMFirstMessageViewController.m; sourceTree = "<group>"; };
		E987B6511CC6B69200C107E3 /* Kibeom Kim.app */ = {isa = PBXFileReference; explicitFileType = wrapper.application; includeInIndex = 0; path = "Kibeom Kim.app"; sourceTree = BUILT_PRODUCTS_DIR; };
		E987B6551CC6B69200C107E3 /* main.m */ = {isa = PBXFileReference; lastKnownFileType = sourcecode.c.objc; path = main.m; sourceTree = "<group>"; };
		E987B6571CC6B69200C107E3 /* AppDelegate.h */ = {isa = PBXFileReference; lastKnownFileType = sourcecode.c.h; path = AppDelegate.h; sourceTree = "<group>"; };
		E987B6581CC6B69200C107E3 /* AppDelegate.m */ = {isa = PBXFileReference; lastKnownFileType = sourcecode.c.objc; path = AppDelegate.m; sourceTree = "<group>"; };
		E987B65E1CC6B69200C107E3 /* Base */ = {isa = PBXFileReference; lastKnownFileType = file.storyboard; name = Base; path = Base.lproj/Main.storyboard; sourceTree = "<group>"; };
		E987B6601CC6B69200C107E3 /* Assets.xcassets */ = {isa = PBXFileReference; lastKnownFileType = folder.assetcatalog; path = Assets.xcassets; sourceTree = "<group>"; };
		E987B6631CC6B69200C107E3 /* Base */ = {isa = PBXFileReference; lastKnownFileType = file.storyboard; name = Base; path = Base.lproj/LaunchScreen.storyboard; sourceTree = "<group>"; };
		E987B6651CC6B69200C107E3 /* Info.plist */ = {isa = PBXFileReference; lastKnownFileType = text.plist.xml; path = Info.plist; sourceTree = "<group>"; };
		E987B66A1CC6B69200C107E3 /* SentiMapTests.xctest */ = {isa = PBXFileReference; explicitFileType = wrapper.cfbundle; includeInIndex = 0; path = SentiMapTests.xctest; sourceTree = BUILT_PRODUCTS_DIR; };
		E987B66E1CC6B69200C107E3 /* SentiMapTests.m */ = {isa = PBXFileReference; lastKnownFileType = sourcecode.c.objc; path = SentiMapTests.m; sourceTree = "<group>"; };
		E987B6701CC6B69200C107E3 /* Info.plist */ = {isa = PBXFileReference; lastKnownFileType = text.plist.xml; path = Info.plist; sourceTree = "<group>"; };
		E987B6751CC6B69200C107E3 /* SentiMapUITests.xctest */ = {isa = PBXFileReference; explicitFileType = wrapper.cfbundle; includeInIndex = 0; path = SentiMapUITests.xctest; sourceTree = BUILT_PRODUCTS_DIR; };
		E987B6791CC6B69200C107E3 /* SentiMapUITests.m */ = {isa = PBXFileReference; lastKnownFileType = sourcecode.c.objc; path = SentiMapUITests.m; sourceTree = "<group>"; };
		E987B67B1CC6B69200C107E3 /* Info.plist */ = {isa = PBXFileReference; lastKnownFileType = text.plist.xml; path = Info.plist; sourceTree = "<group>"; };
		E9BF3F0C1CD27463005A18C5 /* SMMapViewController.h */ = {isa = PBXFileReference; fileEncoding = 4; lastKnownFileType = sourcecode.c.h; path = SMMapViewController.h; sourceTree = "<group>"; };
		E9BF3F0D1CD27463005A18C5 /* SMMapViewController.m */ = {isa = PBXFileReference; fileEncoding = 4; lastKnownFileType = sourcecode.c.objc; path = SMMapViewController.m; sourceTree = "<group>"; };
		E9BF3F121CD27D56005A18C5 /* MapKit.framework */ = {isa = PBXFileReference; lastKnownFileType = wrapper.framework; name = MapKit.framework; path = System/Library/Frameworks/MapKit.framework; sourceTree = SDKROOT; };
		E9BF3F151CD2965B005A18C5 /* marker_angry@2x.png */ = {isa = PBXFileReference; lastKnownFileType = image.png; path = "marker_angry@2x.png"; sourceTree = "<group>"; };
		E9BF3F161CD2965B005A18C5 /* marker_excited@2x.png */ = {isa = PBXFileReference; lastKnownFileType = image.png; path = "marker_excited@2x.png"; sourceTree = "<group>"; };
		E9BF3F171CD2965B005A18C5 /* marker_fun@2x.png */ = {isa = PBXFileReference; lastKnownFileType = image.png; path = "marker_fun@2x.png"; sourceTree = "<group>"; };
		E9BF3F181CD2965B005A18C5 /* marker_joy@2x.png */ = {isa = PBXFileReference; lastKnownFileType = image.png; path = "marker_joy@2x.png"; sourceTree = "<group>"; };
		E9BF3F191CD2965B005A18C5 /* marker_sad@2x.png */ = {isa = PBXFileReference; lastKnownFileType = image.png; path = "marker_sad@2x.png"; sourceTree = "<group>"; };
		E9BF3F1A1CD2965B005A18C5 /* marker_scared@2x.png */ = {isa = PBXFileReference; lastKnownFileType = image.png; path = "marker_scared@2x.png"; sourceTree = "<group>"; };
		E9BF3F1B1CD2965B005A18C5 /* marker_surprised@2x.png */ = {isa = PBXFileReference; lastKnownFileType = image.png; path = "marker_surprised@2x.png"; sourceTree = "<group>"; };
		E9BF3F1C1CD2965B005A18C5 /* marker_tired@2x.png */ = {isa = PBXFileReference; lastKnownFileType = image.png; path = "marker_tired@2x.png"; sourceTree = "<group>"; };
		E9BF3F291CD2E3D9005A18C5 /* SMAnnotation.h */ = {isa = PBXFileReference; fileEncoding = 4; lastKnownFileType = sourcecode.c.h; path = SMAnnotation.h; sourceTree = "<group>"; };
		E9BF3F2A1CD2E3D9005A18C5 /* SMAnnotation.m */ = {isa = PBXFileReference; fileEncoding = 4; lastKnownFileType = sourcecode.c.objc; path = SMAnnotation.m; sourceTree = "<group>"; };
/* End PBXFileReference section */

/* Begin PBXFrameworksBuildPhase section */
		E987B64E1CC6B69200C107E3 /* Frameworks */ = {
			isa = PBXFrameworksBuildPhase;
			buildActionMask = 2147483647;
			files = (
				E9BF3F131CD27D56005A18C5 /* MapKit.framework in Frameworks */,
				8AA5FCCF6384E6C2C90A889A /* libPods.a in Frameworks */,
			);
			runOnlyForDeploymentPostprocessing = 0;
		};
		E987B6671CC6B69200C107E3 /* Frameworks */ = {
			isa = PBXFrameworksBuildPhase;
			buildActionMask = 2147483647;
			files = (
			);
			runOnlyForDeploymentPostprocessing = 0;
		};
		E987B6721CC6B69200C107E3 /* Frameworks */ = {
			isa = PBXFrameworksBuildPhase;
			buildActionMask = 2147483647;
			files = (
			);
			runOnlyForDeploymentPostprocessing = 0;
		};
/* End PBXFrameworksBuildPhase section */

/* Begin PBXGroup section */
		2BED629028CABC921FB9735F /* Frameworks */ = {
			isa = PBXGroup;
			children = (
				E9BF3F121CD27D56005A18C5 /* MapKit.framework */,
				6F7670C65B6559B717A945B4 /* libPods.a */,
			);
			name = Frameworks;
			sourceTree = "<group>";
		};
		440C68CC3E939411D14F354D /* Pods */ = {
			isa = PBXGroup;
			children = (
				1116E0B28D16BF4F541233B0 /* Pods.debug.xcconfig */,
				4E5279B8387C9021C3F1153F /* Pods.release.xcconfig */,
			);
			name = Pods;
			sourceTree = "<group>";
		};
		E916537D1CC7762D00861DE0 /* Wheel */ = {
			isa = PBXGroup;
			children = (
				E916537A1CC7761B00861DE0 /* SMWheelViewController.h */,
				E916537B1CC7761B00861DE0 /* SMWheelViewController.m */,
				E91653991CC7B14B00861DE0 /* SMWheelGestureRecognizer.h */,
				E916539A1CC7B14B00861DE0 /* SMWheelGestureRecognizer.m */,
				E916539F1CC7B17D00861DE0 /* SMTouchUpGestureRecognizer.h */,
				E91653A01CC7B17D00861DE0 /* SMTouchUpGestureRecognizer.m */,
				E916539C1CC7B16D00861DE0 /* SMTouchDownGestureRecognizer.h */,
				E916539D1CC7B16D00861DE0 /* SMTouchDownGestureRecognizer.m */,
			);
			name = Wheel;
			sourceTree = "<group>";
		};
		E916537F1CC77AAE00861DE0 /* Image Files */ = {
			isa = PBXGroup;
			children = (
				E94BFD801CD69DF20046B3D4 /* icon@2x.png */,
				E94BFD7E1CD693090046B3D4 /* launch_screen@2x.png */,
				E94BFD5E1CD595840046B3D4 /* Map */,
				E9BF3F251CD29664005A18C5 /* Annotation */,
				E9BF3F141CD29620005A18C5 /* Wheel */,
			);
			name = "Image Files";
			sourceTree = "<group>";
		};
		E94BFD5E1CD595840046B3D4 /* Map */ = {
			isa = PBXGroup;
			children = (
				E94BFD5F1CD596010046B3D4 /* hamburger@2x.png */,
				E94BFD601CD596010046B3D4 /* plus@2x.png */,
				E94BFD611CD596010046B3D4 /* current_location@2x.png */,
				E94BFD751CD60F0B0046B3D4 /* selected_time_indicator@2x.png */,
				E94BFD791CD625DB0046B3D4 /* x.png */,
			);
			name = Map;
			sourceTree = "<group>";
		};
		E94BFD681CD59D360046B3D4 /* Map */ = {
			isa = PBXGroup;
			children = (
				E9BF3F0C1CD27463005A18C5 /* SMMapViewController.h */,
				E9BF3F0D1CD27463005A18C5 /* SMMapViewController.m */,
				E9BF3F291CD2E3D9005A18C5 /* SMAnnotation.h */,
				E9BF3F2A1CD2E3D9005A18C5 /* SMAnnotation.m */,
			);
			name = Map;
			sourceTree = "<group>";
		};
		E94BFD691CD59D4D0046B3D4 /* Side Menu */ = {
			isa = PBXGroup;
			children = (
				E94BFD5B1CD592BE0046B3D4 /* SMSideMenuViewController.h */,
				E94BFD5C1CD592BE0046B3D4 /* SMSideMenuViewController.m */,
			);
			name = "Side Menu";
			sourceTree = "<group>";
		};
		E94BFD6A1CD59D570046B3D4 /* Time Machine */ = {
			isa = PBXGroup;
			children = (
				E94BFD721CD60D100046B3D4 /* SMTimeMachineViewController.h */,
				E94BFD731CD60D100046B3D4 /* SMTimeMachineViewController.m */,
			);
			name = "Time Machine";
			sourceTree = "<group>";
		};
		E94BFD6B1CD59D680046B3D4 /* Search Place */ = {
			isa = PBXGroup;
			children = (
				E94BFD6F1CD5B31A0046B3D4 /* SMLocationSearchTable.h */,
				E94BFD701CD5B31A0046B3D4 /* SMLocationSearchTable.m */,
			);
			name = "Search Place";
			sourceTree = "<group>";
		};
		E94BFD821CD6AB280046B3D4 /* First Message */ = {
			isa = PBXGroup;
			children = (
				E94BFD831CD6AB460046B3D4 /* SMFirstMessageViewController.h */,
				E94BFD841CD6AB460046B3D4 /* SMFirstMessageViewController.m */,
			);
			name = "First Message";
			sourceTree = "<group>";
		};
		E987B6481CC6B69200C107E3 = {
			isa = PBXGroup;
			children = (
				E987B6531CC6B69200C107E3 /* SentiMap */,
				E987B66D1CC6B69200C107E3 /* SentiMapTests */,
				E987B6781CC6B69200C107E3 /* SentiMapUITests */,
				E987B6521CC6B69200C107E3 /* Products */,
				440C68CC3E939411D14F354D /* Pods */,
				2BED629028CABC921FB9735F /* Frameworks */,
			);
			sourceTree = "<group>";
		};
		E987B6521CC6B69200C107E3 /* Products */ = {
			isa = PBXGroup;
			children = (
				E987B6511CC6B69200C107E3 /* Kibeom Kim.app */,
				E987B66A1CC6B69200C107E3 /* SentiMapTests.xctest */,
				E987B6751CC6B69200C107E3 /* SentiMapUITests.xctest */,
			);
			name = Products;
			sourceTree = "<group>";
		};
		E987B6531CC6B69200C107E3 /* SentiMap */ = {
			isa = PBXGroup;
			children = (
				E987B6571CC6B69200C107E3 /* AppDelegate.h */,
				E987B6581CC6B69200C107E3 /* AppDelegate.m */,
				E94BFD821CD6AB280046B3D4 /* First Message */,
				E916537D1CC7762D00861DE0 /* Wheel */,
				E9BF3F0B1CD273BC005A18C5 /* Map Container */,
				E987B65D1CC6B69200C107E3 /* Main.storyboard */,
				E987B6621CC6B69200C107E3 /* LaunchScreen.storyboard */,
				E987B6651CC6B69200C107E3 /* Info.plist */,
				E987B6601CC6B69200C107E3 /* Assets.xcassets */,
				E987B6541CC6B69200C107E3 /* Supporting Files */,
			);
			path = SentiMap;
			sourceTree = "<group>";
		};
		E987B6541CC6B69200C107E3 /* Supporting Files */ = {
			isa = PBXGroup;
			children = (
				E916537F1CC77AAE00861DE0 /* Image Files */,
				E91653941CC781EB00861DE0 /* Odin Rounded.otf */,
				E987B6551CC6B69200C107E3 /* main.m */,
			);
			name = "Supporting Files";
			sourceTree = "<group>";
		};
		E987B66D1CC6B69200C107E3 /* SentiMapTests */ = {
			isa = PBXGroup;
			children = (
				E987B66E1CC6B69200C107E3 /* SentiMapTests.m */,
				E987B6701CC6B69200C107E3 /* Info.plist */,
			);
			path = SentiMapTests;
			sourceTree = "<group>";
		};
		E987B6781CC6B69200C107E3 /* SentiMapUITests */ = {
			isa = PBXGroup;
			children = (
				E987B6791CC6B69200C107E3 /* SentiMapUITests.m */,
				E987B67B1CC6B69200C107E3 /* Info.plist */,
			);
			path = SentiMapUITests;
			sourceTree = "<group>";
		};
		E9BF3F0B1CD273BC005A18C5 /* Map Container */ = {
			isa = PBXGroup;
			children = (
				E94BFD651CD59D2C0046B3D4 /* SMMapContainerViewController.h */,
				E94BFD661CD59D2C0046B3D4 /* SMMapContainerViewController.m */,
				E94BFD681CD59D360046B3D4 /* Map */,
				E94BFD691CD59D4D0046B3D4 /* Side Menu */,
				E94BFD6B1CD59D680046B3D4 /* Search Place */,
				E94BFD6A1CD59D570046B3D4 /* Time Machine */,
			);
			name = "Map Container";
			sourceTree = "<group>";
		};
		E9BF3F141CD29620005A18C5 /* Wheel */ = {
			isa = PBXGroup;
			children = (
				E91653801CC77ACC00861DE0 /* angry@2x.png */,
				E91653811CC77ACC00861DE0 /* excited@2x.png */,
				E91653821CC77ACC00861DE0 /* fun@2x.png */,
				E91653831CC77ACC00861DE0 /* sad@2x.png */,
				E91653841CC77ACC00861DE0 /* surprised@2x.png */,
				E91653851CC77ACC00861DE0 /* joy@2x.png */,
				E91653861CC77ACC00861DE0 /* scared@2x.png */,
				E91653871CC77ACC00861DE0 /* tired@2x.png */,
				E91653881CC77ACC00861DE0 /* wheelGlow@2x.png */,
				E91653891CC77ACC00861DE0 /* wheel@2x.png */,
			);
			name = Wheel;
			sourceTree = "<group>";
		};
		E9BF3F251CD29664005A18C5 /* Annotation */ = {
			isa = PBXGroup;
			children = (
				E9BF3F151CD2965B005A18C5 /* marker_angry@2x.png */,
				E9BF3F161CD2965B005A18C5 /* marker_excited@2x.png */,
				E9BF3F171CD2965B005A18C5 /* marker_fun@2x.png */,
				E9BF3F181CD2965B005A18C5 /* marker_joy@2x.png */,
				E9BF3F191CD2965B005A18C5 /* marker_sad@2x.png */,
				E9BF3F1A1CD2965B005A18C5 /* marker_scared@2x.png */,
				E9BF3F1B1CD2965B005A18C5 /* marker_surprised@2x.png */,
				E9BF3F1C1CD2965B005A18C5 /* marker_tired@2x.png */,
			);
			name = Annotation;
			sourceTree = "<group>";
		};
/* End PBXGroup section */

/* Begin PBXNativeTarget section */
		E987B6501CC6B69200C107E3 /* Kibeom Kim */ = {
			isa = PBXNativeTarget;
			buildConfigurationList = E987B67E1CC6B69200C107E3 /* Build configuration list for PBXNativeTarget "Kibeom Kim" */;
			buildPhases = (
				E63BB11BDE3CA9ADE9E0AFDA /* Check Pods Manifest.lock */,
				E987B64D1CC6B69200C107E3 /* Sources */,
				E987B64E1CC6B69200C107E3 /* Frameworks */,
				E987B64F1CC6B69200C107E3 /* Resources */,
				46D9C42F5B3D066AF968845E /* Embed Pods Frameworks */,
				598D68C0B81305056457E4E4 /* Copy Pods Resources */,
			);
			buildRules = (
			);
			dependencies = (
			);
			name = "Kibeom Kim";
			productName = SentiMap;
			productReference = E987B6511CC6B69200C107E3 /* Kibeom Kim.app */;
			productType = "com.apple.product-type.application";
		};
		E987B6691CC6B69200C107E3 /* SentiMapTests */ = {
			isa = PBXNativeTarget;
			buildConfigurationList = E987B6811CC6B69200C107E3 /* Build configuration list for PBXNativeTarget "SentiMapTests" */;
			buildPhases = (
				E987B6661CC6B69200C107E3 /* Sources */,
				E987B6671CC6B69200C107E3 /* Frameworks */,
				E987B6681CC6B69200C107E3 /* Resources */,
			);
			buildRules = (
			);
			dependencies = (
				E987B66C1CC6B69200C107E3 /* PBXTargetDependency */,
			);
			name = SentiMapTests;
			productName = SentiMapTests;
			productReference = E987B66A1CC6B69200C107E3 /* SentiMapTests.xctest */;
			productType = "com.apple.product-type.bundle.unit-test";
		};
		E987B6741CC6B69200C107E3 /* SentiMapUITests */ = {
			isa = PBXNativeTarget;
			buildConfigurationList = E987B6841CC6B69200C107E3 /* Build configuration list for PBXNativeTarget "SentiMapUITests" */;
			buildPhases = (
				E987B6711CC6B69200C107E3 /* Sources */,
				E987B6721CC6B69200C107E3 /* Frameworks */,
				E987B6731CC6B69200C107E3 /* Resources */,
			);
			buildRules = (
			);
			dependencies = (
				E987B6771CC6B69200C107E3 /* PBXTargetDependency */,
			);
			name = SentiMapUITests;
			productName = SentiMapUITests;
			productReference = E987B6751CC6B69200C107E3 /* SentiMapUITests.xctest */;
			productType = "com.apple.product-type.bundle.ui-testing";
		};
/* End PBXNativeTarget section */

/* Begin PBXProject section */
		E987B6491CC6B69200C107E3 /* Project object */ = {
			isa = PBXProject;
			attributes = {
				CLASSPREFIX = SM;
				LastUpgradeCheck = 0720;
				ORGANIZATIONNAME = "Kibeom Kim";
				TargetAttributes = {
					E987B6501CC6B69200C107E3 = {
						CreatedOnToolsVersion = 7.2.1;
						SystemCapabilities = {
							com.apple.Maps.iOS = {
								enabled = 1;
							};
						};
					};
					E987B6691CC6B69200C107E3 = {
						CreatedOnToolsVersion = 7.2.1;
						TestTargetID = E987B6501CC6B69200C107E3;
					};
					E987B6741CC6B69200C107E3 = {
						CreatedOnToolsVersion = 7.2.1;
						TestTargetID = E987B6501CC6B69200C107E3;
					};
				};
			};
			buildConfigurationList = E987B64C1CC6B69200C107E3 /* Build configuration list for PBXProject "Kibeom Kim" */;
			compatibilityVersion = "Xcode 3.2";
			developmentRegion = English;
			hasScannedForEncodings = 0;
			knownRegions = (
				en,
				Base,
			);
			mainGroup = E987B6481CC6B69200C107E3;
			productRefGroup = E987B6521CC6B69200C107E3 /* Products */;
			projectDirPath = "";
			projectRoot = "";
			targets = (
				E987B6501CC6B69200C107E3 /* Kibeom Kim */,
				E987B6691CC6B69200C107E3 /* SentiMapTests */,
				E987B6741CC6B69200C107E3 /* SentiMapUITests */,
			);
		};
/* End PBXProject section */

/* Begin PBXResourcesBuildPhase section */
		E987B64F1CC6B69200C107E3 /* Resources */ = {
			isa = PBXResourcesBuildPhase;
			buildActionMask = 2147483647;
			files = (
				E91653951CC781F600861DE0 /* Odin Rounded.otf in Resources */,
				E9BF3F1F1CD2965B005A18C5 /* marker_fun@2x.png in Resources */,
				E94BFD621CD596010046B3D4 /* hamburger@2x.png in Resources */,
				E94BFD761CD60F0B0046B3D4 /* selected_time_indicator@2x.png in Resources */,
				E987B6641CC6B69200C107E3 /* LaunchScreen.storyboard in Resources */,
				E916538F1CC77ACC00861DE0 /* joy@2x.png in Resources */,
				E9BF3F221CD2965B005A18C5 /* marker_scared@2x.png in Resources */,
				E987B6611CC6B69200C107E3 /* Assets.xcassets in Resources */,
				E94BFD641CD596010046B3D4 /* current_location@2x.png in Resources */,
				E916538C1CC77ACC00861DE0 /* fun@2x.png in Resources */,
				E916538A1CC77ACC00861DE0 /* angry@2x.png in Resources */,
				E916538D1CC77ACC00861DE0 /* sad@2x.png in Resources */,
				E9BF3F241CD2965B005A18C5 /* marker_tired@2x.png in Resources */,
				E9BF3F231CD2965B005A18C5 /* marker_surprised@2x.png in Resources */,
				E916538B1CC77ACC00861DE0 /* excited@2x.png in Resources */,
				E91653921CC77ACC00861DE0 /* wheelGlow@2x.png in Resources */,
				E9BF3F1E1CD2965B005A18C5 /* marker_excited@2x.png in Resources */,
				E94BFD7F1CD693090046B3D4 /* launch_screen@2x.png in Resources */,
				E91653911CC77ACC00861DE0 /* tired@2x.png in Resources */,
				E9BF3F211CD2965B005A18C5 /* marker_sad@2x.png in Resources */,
				E91653931CC77ACC00861DE0 /* wheel@2x.png in Resources */,
				E916538E1CC77ACC00861DE0 /* surprised@2x.png in Resources */,
				E94BFD7A1CD625DB0046B3D4 /* x.png in Resources */,
				E91653901CC77ACC00861DE0 /* scared@2x.png in Resources */,
				E9BF3F1D1CD2965B005A18C5 /* marker_angry@2x.png in Resources */,
				E987B65F1CC6B69200C107E3 /* Main.storyboard in Resources */,
				E94BFD631CD596010046B3D4 /* plus@2x.png in Resources */,
				E9BF3F201CD2965B005A18C5 /* marker_joy@2x.png in Resources */,
				E94BFD811CD69DF20046B3D4 /* icon@2x.png in Resources */,
			);
			runOnlyForDeploymentPostprocessing = 0;
		};
		E987B6681CC6B69200C107E3 /* Resources */ = {
			isa = PBXResourcesBuildPhase;
			buildActionMask = 2147483647;
			files = (
			);
			runOnlyForDeploymentPostprocessing = 0;
		};
		E987B6731CC6B69200C107E3 /* Resources */ = {
			isa = PBXResourcesBuildPhase;
			buildActionMask = 2147483647;
			files = (
			);
			runOnlyForDeploymentPostprocessing = 0;
		};
/* End PBXResourcesBuildPhase section */

/* Begin PBXShellScriptBuildPhase section */
		46D9C42F5B3D066AF968845E /* Embed Pods Frameworks */ = {
			isa = PBXShellScriptBuildPhase;
			buildActionMask = 2147483647;
			files = (
			);
			inputPaths = (
			);
			name = "Embed Pods Frameworks";
			outputPaths = (
			);
			runOnlyForDeploymentPostprocessing = 0;
			shellPath = /bin/sh;
			shellScript = "\"${SRCROOT}/Pods/Target Support Files/Pods/Pods-frameworks.sh\"\n";
			showEnvVarsInLog = 0;
		};
		598D68C0B81305056457E4E4 /* Copy Pods Resources */ = {
			isa = PBXShellScriptBuildPhase;
			buildActionMask = 2147483647;
			files = (
			);
			inputPaths = (
			);
			name = "Copy Pods Resources";
			outputPaths = (
			);
			runOnlyForDeploymentPostprocessing = 0;
			shellPath = /bin/sh;
			shellScript = "\"${SRCROOT}/Pods/Target Support Files/Pods/Pods-resources.sh\"\n";
			showEnvVarsInLog = 0;
		};
		E63BB11BDE3CA9ADE9E0AFDA /* Check Pods Manifest.lock */ = {
			isa = PBXShellScriptBuildPhase;
			buildActionMask = 2147483647;
			files = (
			);
			inputPaths = (
			);
			name = "Check Pods Manifest.lock";
			outputPaths = (
			);
			runOnlyForDeploymentPostprocessing = 0;
			shellPath = /bin/sh;
			shellScript = "diff \"${PODS_ROOT}/../Podfile.lock\" \"${PODS_ROOT}/Manifest.lock\" > /dev/null\nif [[ $? != 0 ]] ; then\n    cat << EOM\nerror: The sandbox is not in sync with the Podfile.lock. Run 'pod install' or update your CocoaPods installation.\nEOM\n    exit 1\nfi\n";
			showEnvVarsInLog = 0;
		};
/* End PBXShellScriptBuildPhase section */

/* Begin PBXSourcesBuildPhase section */
		E987B64D1CC6B69200C107E3 /* Sources */ = {
			isa = PBXSourcesBuildPhase;
			buildActionMask = 2147483647;
			files = (
				E91653A11CC7B17D00861DE0 /* SMTouchUpGestureRecognizer.m in Sources */,
				E987B6591CC6B69200C107E3 /* AppDelegate.m in Sources */,
				E916539B1CC7B14B00861DE0 /* SMWheelGestureRecognizer.m in Sources */,
				E9BF3F0E1CD27463005A18C5 /* SMMapViewController.m in Sources */,
				E94BFD851CD6AB460046B3D4 /* SMFirstMessageViewController.m in Sources */,
				E94BFD5D1CD592BE0046B3D4 /* SMSideMenuViewController.m in Sources */,
				E916537C1CC7761B00861DE0 /* SMWheelViewController.m in Sources */,
				E94BFD671CD59D2C0046B3D4 /* SMMapContainerViewController.m in Sources */,
				E916539E1CC7B16D00861DE0 /* SMTouchDownGestureRecognizer.m in Sources */,
				E94BFD741CD60D100046B3D4 /* SMTimeMachineViewController.m in Sources */,
				E94BFD711CD5B31A0046B3D4 /* SMLocationSearchTable.m in Sources */,
				E987B6561CC6B69200C107E3 /* main.m in Sources */,
				E9BF3F2B1CD2E3D9005A18C5 /* SMAnnotation.m in Sources */,
			);
			runOnlyForDeploymentPostprocessing = 0;
		};
		E987B6661CC6B69200C107E3 /* Sources */ = {
			isa = PBXSourcesBuildPhase;
			buildActionMask = 2147483647;
			files = (
				E987B66F1CC6B69200C107E3 /* SentiMapTests.m in Sources */,
			);
			runOnlyForDeploymentPostprocessing = 0;
		};
		E987B6711CC6B69200C107E3 /* Sources */ = {
			isa = PBXSourcesBuildPhase;
			buildActionMask = 2147483647;
			files = (
				E987B67A1CC6B69200C107E3 /* SentiMapUITests.m in Sources */,
			);
			runOnlyForDeploymentPostprocessing = 0;
		};
/* End PBXSourcesBuildPhase section */

/* Begin PBXTargetDependency section */
		E987B66C1CC6B69200C107E3 /* PBXTargetDependency */ = {
			isa = PBXTargetDependency;
			target = E987B6501CC6B69200C107E3 /* Kibeom Kim */;
			targetProxy = E987B66B1CC6B69200C107E3 /* PBXContainerItemProxy */;
		};
		E987B6771CC6B69200C107E3 /* PBXTargetDependency */ = {
			isa = PBXTargetDependency;
			target = E987B6501CC6B69200C107E3 /* Kibeom Kim */;
			targetProxy = E987B6761CC6B69200C107E3 /* PBXContainerItemProxy */;
		};
/* End PBXTargetDependency section */

/* Begin PBXVariantGroup section */
		E987B65D1CC6B69200C107E3 /* Main.storyboard */ = {
			isa = PBXVariantGroup;
			children = (
				E987B65E1CC6B69200C107E3 /* Base */,
			);
			name = Main.storyboard;
			sourceTree = "<group>";
		};
		E987B6621CC6B69200C107E3 /* LaunchScreen.storyboard */ = {
			isa = PBXVariantGroup;
			children = (
				E987B6631CC6B69200C107E3 /* Base */,
			);
			name = LaunchScreen.storyboard;
			sourceTree = "<group>";
		};
/* End PBXVariantGroup section */

/* Begin XCBuildConfiguration section */
		E987B67C1CC6B69200C107E3 /* Debug */ = {
			isa = XCBuildConfiguration;
			buildSettings = {
				ALWAYS_SEARCH_USER_PATHS = NO;
				CLANG_CXX_LANGUAGE_STANDARD = "gnu++0x";
				CLANG_CXX_LIBRARY = "libc++";
				CLANG_ENABLE_MODULES = YES;
				CLANG_ENABLE_OBJC_ARC = YES;
				CLANG_WARN_BOOL_CONVERSION = YES;
				CLANG_WARN_CONSTANT_CONVERSION = YES;
				CLANG_WARN_DIRECT_OBJC_ISA_USAGE = YES_ERROR;
				CLANG_WARN_EMPTY_BODY = YES;
				CLANG_WARN_ENUM_CONVERSION = YES;
				CLANG_WARN_INT_CONVERSION = YES;
				CLANG_WARN_OBJC_ROOT_CLASS = YES_ERROR;
				CLANG_WARN_UNREACHABLE_CODE = YES;
				CLANG_WARN__DUPLICATE_METHOD_MATCH = YES;
				"CODE_SIGN_IDENTITY[sdk=iphoneos*]" = "iPhone Developer";
				COPY_PHASE_STRIP = NO;
				DEBUG_INFORMATION_FORMAT = dwarf;
				ENABLE_STRICT_OBJC_MSGSEND = YES;
				ENABLE_TESTABILITY = YES;
				GCC_C_LANGUAGE_STANDARD = gnu99;
				GCC_DYNAMIC_NO_PIC = NO;
				GCC_NO_COMMON_BLOCKS = YES;
				GCC_OPTIMIZATION_LEVEL = 0;
				GCC_PREPROCESSOR_DEFINITIONS = (
					"DEBUG=1",
					"$(inherited)",
				);
				GCC_WARN_64_TO_32_BIT_CONVERSION = YES;
				GCC_WARN_ABOUT_RETURN_TYPE = YES_ERROR;
				GCC_WARN_UNDECLARED_SELECTOR = YES;
				GCC_WARN_UNINITIALIZED_AUTOS = YES_AGGRESSIVE;
				GCC_WARN_UNUSED_FUNCTION = YES;
				GCC_WARN_UNUSED_VARIABLE = YES;
				IPHONEOS_DEPLOYMENT_TARGET = 9.3;
				MTL_ENABLE_DEBUG_INFO = YES;
				ONLY_ACTIVE_ARCH = YES;
				SDKROOT = iphoneos;
				WARNING_CFLAGS = "-Wno-arc-performSelector-leaks";
			};
			name = Debug;
		};
		E987B67D1CC6B69200C107E3 /* Release */ = {
			isa = XCBuildConfiguration;
			buildSettings = {
				ALWAYS_SEARCH_USER_PATHS = NO;
				CLANG_CXX_LANGUAGE_STANDARD = "gnu++0x";
				CLANG_CXX_LIBRARY = "libc++";
				CLANG_ENABLE_MODULES = YES;
				CLANG_ENABLE_OBJC_ARC = YES;
				CLANG_WARN_BOOL_CONVERSION = YES;
				CLANG_WARN_CONSTANT_CONVERSION = YES;
				CLANG_WARN_DIRECT_OBJC_ISA_USAGE = YES_ERROR;
				CLANG_WARN_EMPTY_BODY = YES;
				CLANG_WARN_ENUM_CONVERSION = YES;
				CLANG_WARN_INT_CONVERSION = YES;
				CLANG_WARN_OBJC_ROOT_CLASS = YES_ERROR;
				CLANG_WARN_UNREACHABLE_CODE = YES;
				CLANG_WARN__DUPLICATE_METHOD_MATCH = YES;
				"CODE_SIGN_IDENTITY[sdk=iphoneos*]" = "iPhone Developer";
				COPY_PHASE_STRIP = NO;
				DEBUG_INFORMATION_FORMAT = "dwarf-with-dsym";
				ENABLE_NS_ASSERTIONS = NO;
				ENABLE_STRICT_OBJC_MSGSEND = YES;
				GCC_C_LANGUAGE_STANDARD = gnu99;
				GCC_NO_COMMON_BLOCKS = YES;
				GCC_WARN_64_TO_32_BIT_CONVERSION = YES;
				GCC_WARN_ABOUT_RETURN_TYPE = YES_ERROR;
				GCC_WARN_UNDECLARED_SELECTOR = YES;
				GCC_WARN_UNINITIALIZED_AUTOS = YES_AGGRESSIVE;
				GCC_WARN_UNUSED_FUNCTION = YES;
				GCC_WARN_UNUSED_VARIABLE = YES;
				IPHONEOS_DEPLOYMENT_TARGET = 9.3;
				MTL_ENABLE_DEBUG_INFO = NO;
				SDKROOT = iphoneos;
				VALIDATE_PRODUCT = YES;
				WARNING_CFLAGS = "-Wno-arc-performSelector-leaks";
			};
			name = Release;
		};
		E987B67F1CC6B69200C107E3 /* Debug */ = {
			isa = XCBuildConfiguration;
			baseConfigurationReference = 1116E0B28D16BF4F541233B0 /* Pods.debug.xcconfig */;
			buildSettings = {
				ASSETCATALOG_COMPILER_APPICON_NAME = AppIcon;
				INFOPLIST_FILE = SentiMap/Info.plist;
				LD_RUNPATH_SEARCH_PATHS = "$(inherited) @executable_path/Frameworks";
				PRODUCT_BUNDLE_IDENTIFIER = "NHN-NEXT.SentiMap";
				PRODUCT_NAME = "$(TARGET_NAME)";
			};
			name = Debug;
		};
		E987B6801CC6B69200C107E3 /* Release */ = {
			isa = XCBuildConfiguration;
			baseConfigurationReference = 4E5279B8387C9021C3F1153F /* Pods.release.xcconfig */;
			buildSettings = {
				ASSETCATALOG_COMPILER_APPICON_NAME = AppIcon;
				INFOPLIST_FILE = SentiMap/Info.plist;
				LD_RUNPATH_SEARCH_PATHS = "$(inherited) @executable_path/Frameworks";
				PRODUCT_BUNDLE_IDENTIFIER = "NHN-NEXT.SentiMap";
				PRODUCT_NAME = "$(TARGET_NAME)";
			};
			name = Release;
		};
		E987B6821CC6B69200C107E3 /* Debug */ = {
			isa = XCBuildConfiguration;
			buildSettings = {
				BUNDLE_LOADER = "$(TEST_HOST)";
				INFOPLIST_FILE = SentiMapTests/Info.plist;
				LD_RUNPATH_SEARCH_PATHS = "$(inherited) @executable_path/Frameworks @loader_path/Frameworks";
				PRODUCT_BUNDLE_IDENTIFIER = "NHN-NEXT.SentiMapTests";
				PRODUCT_NAME = "$(TARGET_NAME)";
				TEST_HOST = "$(BUILT_PRODUCTS_DIR)/SentiMap.app/SentiMap";
			};
			name = Debug;
		};
		E987B6831CC6B69200C107E3 /* Release */ = {
			isa = XCBuildConfiguration;
			buildSettings = {
				BUNDLE_LOADER = "$(TEST_HOST)";
				INFOPLIST_FILE = SentiMapTests/Info.plist;
				LD_RUNPATH_SEARCH_PATHS = "$(inherited) @executable_path/Frameworks @loader_path/Frameworks";
				PRODUCT_BUNDLE_IDENTIFIER = "NHN-NEXT.SentiMapTests";
				PRODUCT_NAME = "$(TARGET_NAME)";
				TEST_HOST = "$(BUILT_PRODUCTS_DIR)/SentiMap.app/SentiMap";
			};
			name = Release;
		};
		E987B6851CC6B69200C107E3 /* Debug */ = {
			isa = XCBuildConfiguration;
			buildSettings = {
				INFOPLIST_FILE = SentiMapUITests/Info.plist;
				LD_RUNPATH_SEARCH_PATHS = "$(inherited) @executable_path/Frameworks @loader_path/Frameworks";
				PRODUCT_BUNDLE_IDENTIFIER = "NHN-NEXT.SentiMapUITests";
				PRODUCT_NAME = "$(TARGET_NAME)";
				TEST_TARGET_NAME = SentiMap;
				USES_XCTRUNNER = YES;
			};
			name = Debug;
		};
		E987B6861CC6B69200C107E3 /* Release */ = {
			isa = XCBuildConfiguration;
			buildSettings = {
				INFOPLIST_FILE = SentiMapUITests/Info.plist;
				LD_RUNPATH_SEARCH_PATHS = "$(inherited) @executable_path/Frameworks @loader_path/Frameworks";
				PRODUCT_BUNDLE_IDENTIFIER = "NHN-NEXT.SentiMapUITests";
				PRODUCT_NAME = "$(TARGET_NAME)";
				TEST_TARGET_NAME = SentiMap;
				USES_XCTRUNNER = YES;
			};
			name = Release;
		};
/* End XCBuildConfiguration section */

/* Begin XCConfigurationList section */
		E987B64C1CC6B69200C107E3 /* Build configuration list for PBXProject "Kibeom Kim" */ = {
			isa = XCConfigurationList;
			buildConfigurations = (
				E987B67C1CC6B69200C107E3 /* Debug */,
				E987B67D1CC6B69200C107E3 /* Release */,
			);
			defaultConfigurationIsVisible = 0;
			defaultConfigurationName = Release;
		};
		E987B67E1CC6B69200C107E3 /* Build configuration list for PBXNativeTarget "Kibeom Kim" */ = {
			isa = XCConfigurationList;
			buildConfigurations = (
				E987B67F1CC6B69200C107E3 /* Debug */,
				E987B6801CC6B69200C107E3 /* Release */,
			);
			defaultConfigurationIsVisible = 0;
			defaultConfigurationName = Release;
		};
		E987B6811CC6B69200C107E3 /* Build configuration list for PBXNativeTarget "SentiMapTests" */ = {
			isa = XCConfigurationList;
			buildConfigurations = (
				E987B6821CC6B69200C107E3 /* Debug */,
				E987B6831CC6B69200C107E3 /* Release */,
			);
			defaultConfigurationIsVisible = 0;
			defaultConfigurationName = Release;
		};
		E987B6841CC6B69200C107E3 /* Build configuration list for PBXNativeTarget "SentiMapUITests" */ = {
			isa = XCConfigurationList;
			buildConfigurations = (
				E987B6851CC6B69200C107E3 /* Debug */,
				E987B6861CC6B69200C107E3 /* Release */,
			);
			defaultConfigurationIsVisible = 0;
			defaultConfigurationName = Release;
		};
/* End XCConfigurationList section */
	};
	rootObject = E987B6491CC6B69200C107E3 /* Project object */;
}
